// !$*UTF8*$!
{
	archiveVersion = 1;
	classes = {
	};
	objectVersion = 56;
	objects = {

/* Begin PBXBuildFile section */
		2BA622A3FDB341C77624419C /* Pods_SoulSafe.framework in Frameworks */ = {isa = PBXBuildFile; fileRef = 35F1662022379F1BA92475D2 /* Pods_SoulSafe.framework */; };
		9127BBC42A3ABCD5008DB929 /* BSViewController.swift in Sources */ = {isa = PBXBuildFile; fileRef = 9127BBC32A3ABCD5008DB929 /* BSViewController.swift */; };
		9127BBC62A3ABD39008DB929 /* MemoriesViewController.swift in Sources */ = {isa = PBXBuildFile; fileRef = 9127BBC52A3ABD39008DB929 /* MemoriesViewController.swift */; };
		9127BBC82A3ABD4B008DB929 /* SettingViewController.swift in Sources */ = {isa = PBXBuildFile; fileRef = 9127BBC72A3ABD4B008DB929 /* SettingViewController.swift */; };
		9127BBCA2A3AC771008DB929 /* Extension - UIColor.swift in Sources */ = {isa = PBXBuildFile; fileRef = 9127BBC92A3AC771008DB929 /* Extension - UIColor.swift */; };
		9127BBCC2A3AE197008DB929 /* MainView.swift in Sources */ = {isa = PBXBuildFile; fileRef = 9127BBCB2A3AE197008DB929 /* MainView.swift */; };
		9127BBCE2A3C100A008DB929 /* PicButton.swift in Sources */ = {isa = PBXBuildFile; fileRef = 9127BBCD2A3C100A008DB929 /* PicButton.swift */; };
		9127BBD02A3C381B008DB929 /* Extension - Vibration.swift in Sources */ = {isa = PBXBuildFile; fileRef = 9127BBCF2A3C381B008DB929 /* Extension - Vibration.swift */; };
		9127BBD22A3C3F1D008DB929 /* Extension - Blur.swift in Sources */ = {isa = PBXBuildFile; fileRef = 9127BBD12A3C3F1D008DB929 /* Extension - Blur.swift */; };
		9127BBD92A3C8131008DB929 /* MemoriesView.swift in Sources */ = {isa = PBXBuildFile; fileRef = 9127BBD82A3C8131008DB929 /* MemoriesView.swift */; };
		9127BBDB2A3C8A0C008DB929 /* MemoriesCollectionViewItem.swift in Sources */ = {isa = PBXBuildFile; fileRef = 9127BBDA2A3C8A0C008DB929 /* MemoriesCollectionViewItem.swift */; };
		9127BBDF2A3D8C05008DB929 /* PostViewController.swift in Sources */ = {isa = PBXBuildFile; fileRef = 9127BBDE2A3D8C05008DB929 /* PostViewController.swift */; };
		9127BBE22A3D8C3B008DB929 /* PostTableViewCell - Comments.swift in Sources */ = {isa = PBXBuildFile; fileRef = 9127BBE12A3D8C3B008DB929 /* PostTableViewCell - Comments.swift */; };
		9127BBE42A3D958B008DB929 /* TextAreaView.swift in Sources */ = {isa = PBXBuildFile; fileRef = 9127BBE32A3D958B008DB929 /* TextAreaView.swift */; };
		917CF54B2A3DF7AA00F02D48 /* PostTableViewCell - Img.swift in Sources */ = {isa = PBXBuildFile; fileRef = 917CF54A2A3DF7AA00F02D48 /* PostTableViewCell - Img.swift */; };
		917CF54D2A3DF80900F02D48 /* PostTableViewCell - GroupList.swift in Sources */ = {isa = PBXBuildFile; fileRef = 917CF54C2A3DF80900F02D48 /* PostTableViewCell - GroupList.swift */; };
		917CF5502A3EFB1A00F02D48 /* MyGroupViewController.swift in Sources */ = {isa = PBXBuildFile; fileRef = 917CF54F2A3EFB1A00F02D48 /* MyGroupViewController.swift */; };
		917CF5522A3EFB8E00F02D48 /* MyGroupTableViewCell.swift in Sources */ = {isa = PBXBuildFile; fileRef = 917CF5512A3EFB8E00F02D48 /* MyGroupTableViewCell.swift */; };
		917CF5552A3F1B8E00F02D48 /* EditGroupViewController.swift in Sources */ = {isa = PBXBuildFile; fileRef = 917CF5542A3F1B8E00F02D48 /* EditGroupViewController.swift */; };
		917CF5572A3F1B9600F02D48 /* EditGroupView.swift in Sources */ = {isa = PBXBuildFile; fileRef = 917CF5562A3F1B9600F02D48 /* EditGroupView.swift */; };
		917CF5592A3F1BA100F02D48 /* EditGroupTableViewCell.swift in Sources */ = {isa = PBXBuildFile; fileRef = 917CF5582A3F1BA100F02D48 /* EditGroupTableViewCell.swift */; };
		917CF55B2A3FFEC700F02D48 /* GoogleService-Info.plist in Resources */ = {isa = PBXBuildFile; fileRef = 917CF55A2A3FFEC700F02D48 /* GoogleService-Info.plist */; };
		917CF55E2A407FAF00F02D48 /* Struct - User.swift in Sources */ = {isa = PBXBuildFile; fileRef = 917CF55D2A407FAF00F02D48 /* Struct - User.swift */; };
		917CF5602A40809200F02D48 /* Struct - UploadImg.swift in Sources */ = {isa = PBXBuildFile; fileRef = 917CF55F2A40809100F02D48 /* Struct - UploadImg.swift */; };
		91D5A0792A39CC3500B093AE /* AppDelegate.swift in Sources */ = {isa = PBXBuildFile; fileRef = 91D5A0782A39CC3500B093AE /* AppDelegate.swift */; };
		91D5A07B2A39CC3500B093AE /* SceneDelegate.swift in Sources */ = {isa = PBXBuildFile; fileRef = 91D5A07A2A39CC3500B093AE /* SceneDelegate.swift */; };
		91D5A07D2A39CC3500B093AE /* MainViewController.swift in Sources */ = {isa = PBXBuildFile; fileRef = 91D5A07C2A39CC3500B093AE /* MainViewController.swift */; };
		91D5A0802A39CC3500B093AE /* Main.storyboard in Resources */ = {isa = PBXBuildFile; fileRef = 91D5A07E2A39CC3500B093AE /* Main.storyboard */; };
		91D5A0822A39CC3600B093AE /* Assets.xcassets in Resources */ = {isa = PBXBuildFile; fileRef = 91D5A0812A39CC3600B093AE /* Assets.xcassets */; };
		91D5A0852A39CC3600B093AE /* LaunchScreen.storyboard in Resources */ = {isa = PBXBuildFile; fileRef = 91D5A0832A39CC3600B093AE /* LaunchScreen.storyboard */; };
		91DBA5D22A442FA400D8D790 /* EditGroupViewController - Alert.swift in Sources */ = {isa = PBXBuildFile; fileRef = 91DBA5D12A442FA400D8D790 /* EditGroupViewController - Alert.swift */; };
		91DBA5D52A46EB2700D8D790 /* Extension - User.swift in Sources */ = {isa = PBXBuildFile; fileRef = 91DBA5D42A46EB2700D8D790 /* Extension - User.swift */; };
		91DBA5DC2A48104700D8D790 /* JoinGroupManager.swift in Sources */ = {isa = PBXBuildFile; fileRef = 91DBA5DB2A48104700D8D790 /* JoinGroupManager.swift */; };
/* End PBXBuildFile section */

/* Begin PBXFileReference section */
		0494520C1224165E0ED5398A /* Pods-SoulSafe.debug.xcconfig */ = {isa = PBXFileReference; includeInIndex = 1; lastKnownFileType = text.xcconfig; name = "Pods-SoulSafe.debug.xcconfig"; path = "Target Support Files/Pods-SoulSafe/Pods-SoulSafe.debug.xcconfig"; sourceTree = "<group>"; };
		35F1662022379F1BA92475D2 /* Pods_SoulSafe.framework */ = {isa = PBXFileReference; explicitFileType = wrapper.framework; includeInIndex = 0; path = Pods_SoulSafe.framework; sourceTree = BUILT_PRODUCTS_DIR; };
		9127BBC32A3ABCD5008DB929 /* BSViewController.swift */ = {isa = PBXFileReference; lastKnownFileType = sourcecode.swift; path = BSViewController.swift; sourceTree = "<group>"; };
		9127BBC52A3ABD39008DB929 /* MemoriesViewController.swift */ = {isa = PBXFileReference; lastKnownFileType = sourcecode.swift; path = MemoriesViewController.swift; sourceTree = "<group>"; };
		9127BBC72A3ABD4B008DB929 /* SettingViewController.swift */ = {isa = PBXFileReference; lastKnownFileType = sourcecode.swift; path = SettingViewController.swift; sourceTree = "<group>"; };
		9127BBC92A3AC771008DB929 /* Extension - UIColor.swift */ = {isa = PBXFileReference; lastKnownFileType = sourcecode.swift; path = "Extension - UIColor.swift"; sourceTree = "<group>"; };
		9127BBCB2A3AE197008DB929 /* MainView.swift */ = {isa = PBXFileReference; lastKnownFileType = sourcecode.swift; path = MainView.swift; sourceTree = "<group>"; };
		9127BBCD2A3C100A008DB929 /* PicButton.swift */ = {isa = PBXFileReference; lastKnownFileType = sourcecode.swift; path = PicButton.swift; sourceTree = "<group>"; };
		9127BBCF2A3C381B008DB929 /* Extension - Vibration.swift */ = {isa = PBXFileReference; lastKnownFileType = sourcecode.swift; path = "Extension - Vibration.swift"; sourceTree = "<group>"; };
		9127BBD12A3C3F1D008DB929 /* Extension - Blur.swift */ = {isa = PBXFileReference; lastKnownFileType = sourcecode.swift; path = "Extension - Blur.swift"; sourceTree = "<group>"; };
		9127BBD82A3C8131008DB929 /* MemoriesView.swift */ = {isa = PBXFileReference; lastKnownFileType = sourcecode.swift; path = MemoriesView.swift; sourceTree = "<group>"; };
		9127BBDA2A3C8A0C008DB929 /* MemoriesCollectionViewItem.swift */ = {isa = PBXFileReference; lastKnownFileType = sourcecode.swift; path = MemoriesCollectionViewItem.swift; sourceTree = "<group>"; };
		9127BBDE2A3D8C05008DB929 /* PostViewController.swift */ = {isa = PBXFileReference; lastKnownFileType = sourcecode.swift; path = PostViewController.swift; sourceTree = "<group>"; };
		9127BBE12A3D8C3B008DB929 /* PostTableViewCell - Comments.swift */ = {isa = PBXFileReference; lastKnownFileType = sourcecode.swift; path = "PostTableViewCell - Comments.swift"; sourceTree = "<group>"; };
		9127BBE32A3D958B008DB929 /* TextAreaView.swift */ = {isa = PBXFileReference; lastKnownFileType = sourcecode.swift; path = TextAreaView.swift; sourceTree = "<group>"; };
		917CF54A2A3DF7AA00F02D48 /* PostTableViewCell - Img.swift */ = {isa = PBXFileReference; lastKnownFileType = sourcecode.swift; path = "PostTableViewCell - Img.swift"; sourceTree = "<group>"; };
		917CF54C2A3DF80900F02D48 /* PostTableViewCell - GroupList.swift */ = {isa = PBXFileReference; lastKnownFileType = sourcecode.swift; path = "PostTableViewCell - GroupList.swift"; sourceTree = "<group>"; };
		917CF54F2A3EFB1A00F02D48 /* MyGroupViewController.swift */ = {isa = PBXFileReference; lastKnownFileType = sourcecode.swift; path = MyGroupViewController.swift; sourceTree = "<group>"; };
		917CF5512A3EFB8E00F02D48 /* MyGroupTableViewCell.swift */ = {isa = PBXFileReference; lastKnownFileType = sourcecode.swift; path = MyGroupTableViewCell.swift; sourceTree = "<group>"; };
		917CF5542A3F1B8E00F02D48 /* EditGroupViewController.swift */ = {isa = PBXFileReference; lastKnownFileType = sourcecode.swift; path = EditGroupViewController.swift; sourceTree = "<group>"; };
		917CF5562A3F1B9600F02D48 /* EditGroupView.swift */ = {isa = PBXFileReference; lastKnownFileType = sourcecode.swift; path = EditGroupView.swift; sourceTree = "<group>"; };
		917CF5582A3F1BA100F02D48 /* EditGroupTableViewCell.swift */ = {isa = PBXFileReference; lastKnownFileType = sourcecode.swift; path = EditGroupTableViewCell.swift; sourceTree = "<group>"; };
		917CF55A2A3FFEC700F02D48 /* GoogleService-Info.plist */ = {isa = PBXFileReference; fileEncoding = 4; lastKnownFileType = text.plist.xml; path = "GoogleService-Info.plist"; sourceTree = "<group>"; };
		917CF55D2A407FAF00F02D48 /* Struct - User.swift */ = {isa = PBXFileReference; lastKnownFileType = sourcecode.swift; path = "Struct - User.swift"; sourceTree = "<group>"; };
		917CF55F2A40809100F02D48 /* Struct - UploadImg.swift */ = {isa = PBXFileReference; lastKnownFileType = sourcecode.swift; path = "Struct - UploadImg.swift"; sourceTree = "<group>"; };
		91D5A0752A39CC3500B093AE /* SoulSafe.app */ = {isa = PBXFileReference; explicitFileType = wrapper.application; includeInIndex = 0; path = SoulSafe.app; sourceTree = BUILT_PRODUCTS_DIR; };
		91D5A0782A39CC3500B093AE /* AppDelegate.swift */ = {isa = PBXFileReference; lastKnownFileType = sourcecode.swift; path = AppDelegate.swift; sourceTree = "<group>"; };
		91D5A07A2A39CC3500B093AE /* SceneDelegate.swift */ = {isa = PBXFileReference; lastKnownFileType = sourcecode.swift; path = SceneDelegate.swift; sourceTree = "<group>"; };
		91D5A07C2A39CC3500B093AE /* MainViewController.swift */ = {isa = PBXFileReference; lastKnownFileType = sourcecode.swift; path = MainViewController.swift; sourceTree = "<group>"; };
		91D5A07F2A39CC3500B093AE /* Base */ = {isa = PBXFileReference; lastKnownFileType = file.storyboard; name = Base; path = Base.lproj/Main.storyboard; sourceTree = "<group>"; };
		91D5A0812A39CC3600B093AE /* Assets.xcassets */ = {isa = PBXFileReference; lastKnownFileType = folder.assetcatalog; path = Assets.xcassets; sourceTree = "<group>"; };
		91D5A0842A39CC3600B093AE /* Base */ = {isa = PBXFileReference; lastKnownFileType = file.storyboard; name = Base; path = Base.lproj/LaunchScreen.storyboard; sourceTree = "<group>"; };
		91D5A0862A39CC3600B093AE /* Info.plist */ = {isa = PBXFileReference; lastKnownFileType = text.plist.xml; path = Info.plist; sourceTree = "<group>"; };
		91DBA5D12A442FA400D8D790 /* EditGroupViewController - Alert.swift */ = {isa = PBXFileReference; lastKnownFileType = sourcecode.swift; path = "EditGroupViewController - Alert.swift"; sourceTree = "<group>"; };
		91DBA5D32A458D8B00D8D790 /* SoulSafe.entitlements */ = {isa = PBXFileReference; lastKnownFileType = text.plist.entitlements; path = SoulSafe.entitlements; sourceTree = "<group>"; };
		91DBA5D42A46EB2700D8D790 /* Extension - User.swift */ = {isa = PBXFileReference; lastKnownFileType = sourcecode.swift; path = "Extension - User.swift"; sourceTree = "<group>"; };
		91DBA5DB2A48104700D8D790 /* JoinGroupManager.swift */ = {isa = PBXFileReference; lastKnownFileType = sourcecode.swift; path = JoinGroupManager.swift; sourceTree = "<group>"; };
		FD7B7C8562038BE58B555248 /* Pods-SoulSafe.release.xcconfig */ = {isa = PBXFileReference; includeInIndex = 1; lastKnownFileType = text.xcconfig; name = "Pods-SoulSafe.release.xcconfig"; path = "Target Support Files/Pods-SoulSafe/Pods-SoulSafe.release.xcconfig"; sourceTree = "<group>"; };
/* End PBXFileReference section */

/* Begin PBXFrameworksBuildPhase section */
		91D5A0722A39CC3500B093AE /* Frameworks */ = {
			isa = PBXFrameworksBuildPhase;
			buildActionMask = 2147483647;
			files = (
				2BA622A3FDB341C77624419C /* Pods_SoulSafe.framework in Frameworks */,
			);
			runOnlyForDeploymentPostprocessing = 0;
		};
/* End PBXFrameworksBuildPhase section */

/* Begin PBXGroup section */
		5C67271D51CD525D3F222DA2 /* Frameworks */ = {
			isa = PBXGroup;
			children = (
				35F1662022379F1BA92475D2 /* Pods_SoulSafe.framework */,
			);
			name = Frameworks;
			sourceTree = "<group>";
		};
		9127BBD32A3C66D8008DB929 /* BaseViewController */ = {
			isa = PBXGroup;
			children = (
				9127BBC32A3ABCD5008DB929 /* BSViewController.swift */,
			);
			path = BaseViewController;
			sourceTree = "<group>";
		};
		9127BBD42A3C66EC008DB929 /* Extensions */ = {
			isa = PBXGroup;
			children = (
				9127BBC92A3AC771008DB929 /* Extension - UIColor.swift */,
				9127BBCF2A3C381B008DB929 /* Extension - Vibration.swift */,
				9127BBD12A3C3F1D008DB929 /* Extension - Blur.swift */,
				91DBA5D42A46EB2700D8D790 /* Extension - User.swift */,
			);
			path = Extensions;
			sourceTree = "<group>";
		};
		9127BBD52A3C6713008DB929 /* MainViewController */ = {
			isa = PBXGroup;
			children = (
				91D5A07C2A39CC3500B093AE /* MainViewController.swift */,
				9127BBCB2A3AE197008DB929 /* MainView.swift */,
				9127BBCD2A3C100A008DB929 /* PicButton.swift */,
			);
			path = MainViewController;
			sourceTree = "<group>";
		};
		9127BBD62A3C6809008DB929 /* MemoriesViewController */ = {
			isa = PBXGroup;
			children = (
				9127BBC52A3ABD39008DB929 /* MemoriesViewController.swift */,
				9127BBD82A3C8131008DB929 /* MemoriesView.swift */,
				9127BBDA2A3C8A0C008DB929 /* MemoriesCollectionViewItem.swift */,
				9127BBE02A3D8C09008DB929 /* PostViewController */,
			);
			path = MemoriesViewController;
			sourceTree = "<group>";
		};
		9127BBD72A3C6813008DB929 /* SettingViewController */ = {
			isa = PBXGroup;
			children = (
				9127BBC72A3ABD4B008DB929 /* SettingViewController.swift */,
			);
			path = SettingViewController;
			sourceTree = "<group>";
		};
		9127BBE02A3D8C09008DB929 /* PostViewController */ = {
			isa = PBXGroup;
			children = (
				9127BBDE2A3D8C05008DB929 /* PostViewController.swift */,
				9127BBE12A3D8C3B008DB929 /* PostTableViewCell - Comments.swift */,
				917CF54C2A3DF80900F02D48 /* PostTableViewCell - GroupList.swift */,
				917CF54A2A3DF7AA00F02D48 /* PostTableViewCell - Img.swift */,
				9127BBE32A3D958B008DB929 /* TextAreaView.swift */,
			);
			path = PostViewController;
			sourceTree = "<group>";
		};
		917CF54E2A3EFAEA00F02D48 /* MyGroupViewController */ = {
			isa = PBXGroup;
			children = (
				917CF54F2A3EFB1A00F02D48 /* MyGroupViewController.swift */,
				917CF5512A3EFB8E00F02D48 /* MyGroupTableViewCell.swift */,
				917CF5532A3F18F000F02D48 /* EditGroupViewController */,
			);
			path = MyGroupViewController;
			sourceTree = "<group>";
		};
		917CF5532A3F18F000F02D48 /* EditGroupViewController */ = {
			isa = PBXGroup;
			children = (
				917CF5542A3F1B8E00F02D48 /* EditGroupViewController.swift */,
				91DBA5D12A442FA400D8D790 /* EditGroupViewController - Alert.swift */,
				917CF5562A3F1B9600F02D48 /* EditGroupView.swift */,
				917CF5582A3F1BA100F02D48 /* EditGroupTableViewCell.swift */,
			);
			path = EditGroupViewController;
			sourceTree = "<group>";
		};
		917CF55C2A407F5E00F02D48 /* Struct */ = {
			isa = PBXGroup;
			children = (
				917CF55D2A407FAF00F02D48 /* Struct - User.swift */,
				917CF55F2A40809100F02D48 /* Struct - UploadImg.swift */,
			);
			path = Struct;
			sourceTree = "<group>";
		};
		91D5A06C2A39CC3500B093AE = {
			isa = PBXGroup;
			children = (
				91D5A0772A39CC3500B093AE /* SoulSafe */,
				91D5A0762A39CC3500B093AE /* Products */,
				A79C49737D22B4728B07C1B4 /* Pods */,
				5C67271D51CD525D3F222DA2 /* Frameworks */,
			);
			sourceTree = "<group>";
		};
		91D5A0762A39CC3500B093AE /* Products */ = {
			isa = PBXGroup;
			children = (
				91D5A0752A39CC3500B093AE /* SoulSafe.app */,
			);
			name = Products;
			sourceTree = "<group>";
		};
		91D5A0772A39CC3500B093AE /* SoulSafe */ = {
			isa = PBXGroup;
			children = (
				91DBA5D32A458D8B00D8D790 /* SoulSafe.entitlements */,
				91D5A0782A39CC3500B093AE /* AppDelegate.swift */,
				91D5A07A2A39CC3500B093AE /* SceneDelegate.swift */,
				91DBA5DF2A482F6500D8D790 /* Manager */,
				917CF55C2A407F5E00F02D48 /* Struct */,
				9127BBD72A3C6813008DB929 /* SettingViewController */,
				9127BBD42A3C66EC008DB929 /* Extensions */,
				9127BBD32A3C66D8008DB929 /* BaseViewController */,
				9127BBD62A3C6809008DB929 /* MemoriesViewController */,
				917CF54E2A3EFAEA00F02D48 /* MyGroupViewController */,
				9127BBD52A3C6713008DB929 /* MainViewController */,
				91D5A07E2A39CC3500B093AE /* Main.storyboard */,
				91D5A0812A39CC3600B093AE /* Assets.xcassets */,
				91D5A0832A39CC3600B093AE /* LaunchScreen.storyboard */,
				91D5A0862A39CC3600B093AE /* Info.plist */,
				917CF55A2A3FFEC700F02D48 /* GoogleService-Info.plist */,
			);
			path = SoulSafe;
			sourceTree = "<group>";
		};
		91DBA5DF2A482F6500D8D790 /* Manager */ = {
			isa = PBXGroup;
			children = (
				91DBA5DB2A48104700D8D790 /* JoinGroupManager.swift */,
			);
			path = Manager;
			sourceTree = "<group>";
		};
		A79C49737D22B4728B07C1B4 /* Pods */ = {
			isa = PBXGroup;
			children = (
				0494520C1224165E0ED5398A /* Pods-SoulSafe.debug.xcconfig */,
				FD7B7C8562038BE58B555248 /* Pods-SoulSafe.release.xcconfig */,
			);
			path = Pods;
			sourceTree = "<group>";
		};
/* End PBXGroup section */

/* Begin PBXNativeTarget section */
		91D5A0742A39CC3500B093AE /* SoulSafe */ = {
			isa = PBXNativeTarget;
			buildConfigurationList = 91D5A0892A39CC3600B093AE /* Build configuration list for PBXNativeTarget "SoulSafe" */;
			buildPhases = (
				C0395170E757759FA0B3B341 /* [CP] Check Pods Manifest.lock */,
				91D5A0712A39CC3500B093AE /* Sources */,
				91D5A0722A39CC3500B093AE /* Frameworks */,
				91D5A0732A39CC3500B093AE /* Resources */,
				917FBE212A3AA0CE00B7C95C /* ShellScript */,
				A0136ED55C9CB450BA2C3CC3 /* [CP] Embed Pods Frameworks */,
			);
			buildRules = (
			);
			dependencies = (
			);
			name = SoulSafe;
			productName = SoulSafe;
			productReference = 91D5A0752A39CC3500B093AE /* SoulSafe.app */;
			productType = "com.apple.product-type.application";
		};
/* End PBXNativeTarget section */

/* Begin PBXProject section */
		91D5A06D2A39CC3500B093AE /* Project object */ = {
			isa = PBXProject;
			attributes = {
				BuildIndependentTargetsInParallel = 1;
				LastSwiftUpdateCheck = 1420;
				LastUpgradeCheck = 1420;
				TargetAttributes = {
					91D5A0742A39CC3500B093AE = {
						CreatedOnToolsVersion = 14.2;
					};
				};
			};
			buildConfigurationList = 91D5A0702A39CC3500B093AE /* Build configuration list for PBXProject "SoulSafe" */;
			compatibilityVersion = "Xcode 14.0";
			developmentRegion = en;
			hasScannedForEncodings = 0;
			knownRegions = (
				en,
				Base,
			);
			mainGroup = 91D5A06C2A39CC3500B093AE;
			productRefGroup = 91D5A0762A39CC3500B093AE /* Products */;
			projectDirPath = "";
			projectRoot = "";
			targets = (
				91D5A0742A39CC3500B093AE /* SoulSafe */,
			);
		};
/* End PBXProject section */

/* Begin PBXResourcesBuildPhase section */
		91D5A0732A39CC3500B093AE /* Resources */ = {
			isa = PBXResourcesBuildPhase;
			buildActionMask = 2147483647;
			files = (
				91D5A0852A39CC3600B093AE /* LaunchScreen.storyboard in Resources */,
				91D5A0822A39CC3600B093AE /* Assets.xcassets in Resources */,
				91D5A0802A39CC3500B093AE /* Main.storyboard in Resources */,
				917CF55B2A3FFEC700F02D48 /* GoogleService-Info.plist in Resources */,
			);
			runOnlyForDeploymentPostprocessing = 0;
		};
/* End PBXResourcesBuildPhase section */

/* Begin PBXShellScriptBuildPhase section */
		917FBE212A3AA0CE00B7C95C /* ShellScript */ = {
			isa = PBXShellScriptBuildPhase;
			alwaysOutOfDate = 1;
			buildActionMask = 2147483647;
			files = (
			);
			inputFileListPaths = (
			);
			inputPaths = (
			);
			outputFileListPaths = (
			);
			outputPaths = (
			);
			runOnlyForDeploymentPostprocessing = 0;
			shellPath = /bin/sh;
			shellScript = "if [[ \"$(uname -m)\" == arm64 ]]; then\n    export PATH=\"/opt/homebrew/bin:$PATH\"\nfi\n\nif which swiftlint > /dev/null; then\n  swiftlint\nelse\n  echo \"warning: SwiftLint not installed, download from https://github.com/realm/SwiftLint\"\nfi\n";
		};
		A0136ED55C9CB450BA2C3CC3 /* [CP] Embed Pods Frameworks */ = {
			isa = PBXShellScriptBuildPhase;
			buildActionMask = 2147483647;
			files = (
			);
			inputFileListPaths = (
				"${PODS_ROOT}/Target Support Files/Pods-SoulSafe/Pods-SoulSafe-frameworks-${CONFIGURATION}-input-files.xcfilelist",
			);
			name = "[CP] Embed Pods Frameworks";
			outputFileListPaths = (
				"${PODS_ROOT}/Target Support Files/Pods-SoulSafe/Pods-SoulSafe-frameworks-${CONFIGURATION}-output-files.xcfilelist",
			);
			runOnlyForDeploymentPostprocessing = 0;
			shellPath = /bin/sh;
			shellScript = "\"${PODS_ROOT}/Target Support Files/Pods-SoulSafe/Pods-SoulSafe-frameworks.sh\"\n";
			showEnvVarsInLog = 0;
		};
		C0395170E757759FA0B3B341 /* [CP] Check Pods Manifest.lock */ = {
			isa = PBXShellScriptBuildPhase;
			buildActionMask = 2147483647;
			files = (
			);
			inputFileListPaths = (
			);
			inputPaths = (
				"${PODS_PODFILE_DIR_PATH}/Podfile.lock",
				"${PODS_ROOT}/Manifest.lock",
			);
			name = "[CP] Check Pods Manifest.lock";
			outputFileListPaths = (
			);
			outputPaths = (
				"$(DERIVED_FILE_DIR)/Pods-SoulSafe-checkManifestLockResult.txt",
			);
			runOnlyForDeploymentPostprocessing = 0;
			shellPath = /bin/sh;
			shellScript = "diff \"${PODS_PODFILE_DIR_PATH}/Podfile.lock\" \"${PODS_ROOT}/Manifest.lock\" > /dev/null\nif [ $? != 0 ] ; then\n    # print error to STDERR\n    echo \"error: The sandbox is not in sync with the Podfile.lock. Run 'pod install' or update your CocoaPods installation.\" >&2\n    exit 1\nfi\n# This output is used by Xcode 'outputs' to avoid re-running this script phase.\necho \"SUCCESS\" > \"${SCRIPT_OUTPUT_FILE_0}\"\n";
			showEnvVarsInLog = 0;
		};
/* End PBXShellScriptBuildPhase section */

/* Begin PBXSourcesBuildPhase section */
		91D5A0712A39CC3500B093AE /* Sources */ = {
			isa = PBXSourcesBuildPhase;
			buildActionMask = 2147483647;
			files = (
				91D5A07D2A39CC3500B093AE /* MainViewController.swift in Sources */,
				917CF5552A3F1B8E00F02D48 /* EditGroupViewController.swift in Sources */,
				9127BBDB2A3C8A0C008DB929 /* MemoriesCollectionViewItem.swift in Sources */,
				9127BBE22A3D8C3B008DB929 /* PostTableViewCell - Comments.swift in Sources */,
				917CF5572A3F1B9600F02D48 /* EditGroupView.swift in Sources */,
				917CF5522A3EFB8E00F02D48 /* MyGroupTableViewCell.swift in Sources */,
				9127BBDF2A3D8C05008DB929 /* PostViewController.swift in Sources */,
				9127BBCC2A3AE197008DB929 /* MainView.swift in Sources */,
				917CF5592A3F1BA100F02D48 /* EditGroupTableViewCell.swift in Sources */,
				9127BBCE2A3C100A008DB929 /* PicButton.swift in Sources */,
				9127BBE42A3D958B008DB929 /* TextAreaView.swift in Sources */,
				91DBA5D52A46EB2700D8D790 /* Extension - User.swift in Sources */,
				9127BBC62A3ABD39008DB929 /* MemoriesViewController.swift in Sources */,
				91DBA5DC2A48104700D8D790 /* JoinGroupManager.swift in Sources */,
				91D5A0792A39CC3500B093AE /* AppDelegate.swift in Sources */,
				9127BBD92A3C8131008DB929 /* MemoriesView.swift in Sources */,
				9127BBC42A3ABCD5008DB929 /* BSViewController.swift in Sources */,
				917CF5502A3EFB1A00F02D48 /* MyGroupViewController.swift in Sources */,
				917CF54D2A3DF80900F02D48 /* PostTableViewCell - GroupList.swift in Sources */,
				917CF54B2A3DF7AA00F02D48 /* PostTableViewCell - Img.swift in Sources */,
				9127BBD02A3C381B008DB929 /* Extension - Vibration.swift in Sources */,
				9127BBD22A3C3F1D008DB929 /* Extension - Blur.swift in Sources */,
				91D5A07B2A39CC3500B093AE /* SceneDelegate.swift in Sources */,
				9127BBCA2A3AC771008DB929 /* Extension - UIColor.swift in Sources */,
				91DBA5D22A442FA400D8D790 /* EditGroupViewController - Alert.swift in Sources */,
				9127BBC82A3ABD4B008DB929 /* SettingViewController.swift in Sources */,
				917CF5602A40809200F02D48 /* Struct - UploadImg.swift in Sources */,
				917CF55E2A407FAF00F02D48 /* Struct - User.swift in Sources */,
			);
			runOnlyForDeploymentPostprocessing = 0;
		};
/* End PBXSourcesBuildPhase section */

/* Begin PBXVariantGroup section */
		91D5A07E2A39CC3500B093AE /* Main.storyboard */ = {
			isa = PBXVariantGroup;
			children = (
				91D5A07F2A39CC3500B093AE /* Base */,
			);
			name = Main.storyboard;
			sourceTree = "<group>";
		};
		91D5A0832A39CC3600B093AE /* LaunchScreen.storyboard */ = {
			isa = PBXVariantGroup;
			children = (
				91D5A0842A39CC3600B093AE /* Base */,
			);
			name = LaunchScreen.storyboard;
			sourceTree = "<group>";
		};
/* End PBXVariantGroup section */

/* Begin XCBuildConfiguration section */
		91D5A0872A39CC3600B093AE /* Debug */ = {
			isa = XCBuildConfiguration;
			buildSettings = {
				ALWAYS_SEARCH_USER_PATHS = NO;
				CLANG_ANALYZER_NONNULL = YES;
				CLANG_ANALYZER_NUMBER_OBJECT_CONVERSION = YES_AGGRESSIVE;
				CLANG_CXX_LANGUAGE_STANDARD = "gnu++20";
				CLANG_ENABLE_MODULES = YES;
				CLANG_ENABLE_OBJC_ARC = YES;
				CLANG_ENABLE_OBJC_WEAK = YES;
				CLANG_WARN_BLOCK_CAPTURE_AUTORELEASING = YES;
				CLANG_WARN_BOOL_CONVERSION = YES;
				CLANG_WARN_COMMA = YES;
				CLANG_WARN_CONSTANT_CONVERSION = YES;
				CLANG_WARN_DEPRECATED_OBJC_IMPLEMENTATIONS = YES;
				CLANG_WARN_DIRECT_OBJC_ISA_USAGE = YES_ERROR;
				CLANG_WARN_DOCUMENTATION_COMMENTS = YES;
				CLANG_WARN_EMPTY_BODY = YES;
				CLANG_WARN_ENUM_CONVERSION = YES;
				CLANG_WARN_INFINITE_RECURSION = YES;
				CLANG_WARN_INT_CONVERSION = YES;
				CLANG_WARN_NON_LITERAL_NULL_CONVERSION = YES;
				CLANG_WARN_OBJC_IMPLICIT_RETAIN_SELF = YES;
				CLANG_WARN_OBJC_LITERAL_CONVERSION = YES;
				CLANG_WARN_OBJC_ROOT_CLASS = YES_ERROR;
				CLANG_WARN_QUOTED_INCLUDE_IN_FRAMEWORK_HEADER = YES;
				CLANG_WARN_RANGE_LOOP_ANALYSIS = YES;
				CLANG_WARN_STRICT_PROTOTYPES = YES;
				CLANG_WARN_SUSPICIOUS_MOVE = YES;
				CLANG_WARN_UNGUARDED_AVAILABILITY = YES_AGGRESSIVE;
				CLANG_WARN_UNREACHABLE_CODE = YES;
				CLANG_WARN__DUPLICATE_METHOD_MATCH = YES;
				COPY_PHASE_STRIP = NO;
				DEBUG_INFORMATION_FORMAT = dwarf;
				ENABLE_STRICT_OBJC_MSGSEND = YES;
				ENABLE_TESTABILITY = YES;
				GCC_C_LANGUAGE_STANDARD = gnu11;
				GCC_DYNAMIC_NO_PIC = NO;
				GCC_NO_COMMON_BLOCKS = YES;
				GCC_OPTIMIZATION_LEVEL = 0;
				GCC_PREPROCESSOR_DEFINITIONS = (
					"DEBUG=1",
					"$(inherited)",
				);
				GCC_WARN_64_TO_32_BIT_CONVERSION = YES;
				GCC_WARN_ABOUT_RETURN_TYPE = YES_ERROR;
				GCC_WARN_UNDECLARED_SELECTOR = YES;
				GCC_WARN_UNINITIALIZED_AUTOS = YES_AGGRESSIVE;
				GCC_WARN_UNUSED_FUNCTION = YES;
				GCC_WARN_UNUSED_VARIABLE = YES;
				IPHONEOS_DEPLOYMENT_TARGET = 15.0;
				MTL_ENABLE_DEBUG_INFO = INCLUDE_SOURCE;
				MTL_FAST_MATH = YES;
				ONLY_ACTIVE_ARCH = YES;
				SDKROOT = iphoneos;
				SWIFT_ACTIVE_COMPILATION_CONDITIONS = DEBUG;
				SWIFT_OPTIMIZATION_LEVEL = "-Onone";
			};
			name = Debug;
		};
		91D5A0882A39CC3600B093AE /* Release */ = {
			isa = XCBuildConfiguration;
			buildSettings = {
				ALWAYS_SEARCH_USER_PATHS = NO;
				CLANG_ANALYZER_NONNULL = YES;
				CLANG_ANALYZER_NUMBER_OBJECT_CONVERSION = YES_AGGRESSIVE;
				CLANG_CXX_LANGUAGE_STANDARD = "gnu++20";
				CLANG_ENABLE_MODULES = YES;
				CLANG_ENABLE_OBJC_ARC = YES;
				CLANG_ENABLE_OBJC_WEAK = YES;
				CLANG_WARN_BLOCK_CAPTURE_AUTORELEASING = YES;
				CLANG_WARN_BOOL_CONVERSION = YES;
				CLANG_WARN_COMMA = YES;
				CLANG_WARN_CONSTANT_CONVERSION = YES;
				CLANG_WARN_DEPRECATED_OBJC_IMPLEMENTATIONS = YES;
				CLANG_WARN_DIRECT_OBJC_ISA_USAGE = YES_ERROR;
				CLANG_WARN_DOCUMENTATION_COMMENTS = YES;
				CLANG_WARN_EMPTY_BODY = YES;
				CLANG_WARN_ENUM_CONVERSION = YES;
				CLANG_WARN_INFINITE_RECURSION = YES;
				CLANG_WARN_INT_CONVERSION = YES;
				CLANG_WARN_NON_LITERAL_NULL_CONVERSION = YES;
				CLANG_WARN_OBJC_IMPLICIT_RETAIN_SELF = YES;
				CLANG_WARN_OBJC_LITERAL_CONVERSION = YES;
				CLANG_WARN_OBJC_ROOT_CLASS = YES_ERROR;
				CLANG_WARN_QUOTED_INCLUDE_IN_FRAMEWORK_HEADER = YES;
				CLANG_WARN_RANGE_LOOP_ANALYSIS = YES;
				CLANG_WARN_STRICT_PROTOTYPES = YES;
				CLANG_WARN_SUSPICIOUS_MOVE = YES;
				CLANG_WARN_UNGUARDED_AVAILABILITY = YES_AGGRESSIVE;
				CLANG_WARN_UNREACHABLE_CODE = YES;
				CLANG_WARN__DUPLICATE_METHOD_MATCH = YES;
				COPY_PHASE_STRIP = NO;
				DEBUG_INFORMATION_FORMAT = "dwarf-with-dsym";
				ENABLE_NS_ASSERTIONS = NO;
				ENABLE_STRICT_OBJC_MSGSEND = YES;
				GCC_C_LANGUAGE_STANDARD = gnu11;
				GCC_NO_COMMON_BLOCKS = YES;
				GCC_WARN_64_TO_32_BIT_CONVERSION = YES;
				GCC_WARN_ABOUT_RETURN_TYPE = YES_ERROR;
				GCC_WARN_UNDECLARED_SELECTOR = YES;
				GCC_WARN_UNINITIALIZED_AUTOS = YES_AGGRESSIVE;
				GCC_WARN_UNUSED_FUNCTION = YES;
				GCC_WARN_UNUSED_VARIABLE = YES;
				IPHONEOS_DEPLOYMENT_TARGET = 15.0;
				MTL_ENABLE_DEBUG_INFO = NO;
				MTL_FAST_MATH = YES;
				SDKROOT = iphoneos;
				SWIFT_COMPILATION_MODE = wholemodule;
				SWIFT_OPTIMIZATION_LEVEL = "-O";
				VALIDATE_PRODUCT = YES;
			};
			name = Release;
		};
		91D5A08A2A39CC3600B093AE /* Debug */ = {
			isa = XCBuildConfiguration;
			baseConfigurationReference = 0494520C1224165E0ED5398A /* Pods-SoulSafe.debug.xcconfig */;
			buildSettings = {
				ASSETCATALOG_COMPILER_APPICON_NAME = AppIcon;
				ASSETCATALOG_COMPILER_GLOBAL_ACCENT_COLOR_NAME = AccentColor;
				CODE_SIGN_ENTITLEMENTS = SoulSafe/SoulSafe.entitlements;
				CODE_SIGN_STYLE = Automatic;
				CURRENT_PROJECT_VERSION = 1;
				DEVELOPMENT_TEAM = 7953TRA3N2;
				GENERATE_INFOPLIST_FILE = YES;
				INFOPLIST_FILE = SoulSafe/Info.plist;
				INFOPLIST_KEY_NSCameraUsageDescription = "是否啟用相機拍照功能";
				INFOPLIST_KEY_UIApplicationSupportsIndirectInputEvents = YES;
				INFOPLIST_KEY_UILaunchStoryboardName = LaunchScreen;
				INFOPLIST_KEY_UIMainStoryboardFile = Main;
				INFOPLIST_KEY_UISupportedInterfaceOrientations_iPad = "UIInterfaceOrientationPortrait UIInterfaceOrientationPortraitUpsideDown UIInterfaceOrientationLandscapeLeft UIInterfaceOrientationLandscapeRight";
				INFOPLIST_KEY_UISupportedInterfaceOrientations_iPhone = "UIInterfaceOrientationPortrait UIInterfaceOrientationLandscapeLeft UIInterfaceOrientationLandscapeRight";
				IPHONEOS_DEPLOYMENT_TARGET = 15.0;
				LD_RUNPATH_SEARCH_PATHS = (
					"$(inherited)",
					"@executable_path/Frameworks",
				);
				MARKETING_VERSION = 1.0;
				PRODUCT_BUNDLE_IDENTIFIER = com.ortonhsieh.SoulSafe;
				PRODUCT_NAME = "$(TARGET_NAME)";
				SWIFT_EMIT_LOC_STRINGS = YES;
				SWIFT_VERSION = 5.0;
				TARGETED_DEVICE_FAMILY = "1,2";
			};
			name = Debug;
		};
		91D5A08B2A39CC3600B093AE /* Release */ = {
			isa = XCBuildConfiguration;
			baseConfigurationReference = FD7B7C8562038BE58B555248 /* Pods-SoulSafe.release.xcconfig */;
			buildSettings = {
				ASSETCATALOG_COMPILER_APPICON_NAME = AppIcon;
				ASSETCATALOG_COMPILER_GLOBAL_ACCENT_COLOR_NAME = AccentColor;
				CODE_SIGN_ENTITLEMENTS = SoulSafe/SoulSafe.entitlements;
				CODE_SIGN_STYLE = Automatic;
				CURRENT_PROJECT_VERSION = 1;
				DEVELOPMENT_TEAM = 7953TRA3N2;
				GENERATE_INFOPLIST_FILE = YES;
				INFOPLIST_FILE = SoulSafe/Info.plist;
				INFOPLIST_KEY_NSCameraUsageDescription = "是否啟用相機拍照功能";
				INFOPLIST_KEY_UIApplicationSupportsIndirectInputEvents = YES;
				INFOPLIST_KEY_UILaunchStoryboardName = LaunchScreen;
				INFOPLIST_KEY_UIMainStoryboardFile = Main;
				INFOPLIST_KEY_UISupportedInterfaceOrientations_iPad = "UIInterfaceOrientationPortrait UIInterfaceOrientationPortraitUpsideDown UIInterfaceOrientationLandscapeLeft UIInterfaceOrientationLandscapeRight";
				INFOPLIST_KEY_UISupportedInterfaceOrientations_iPhone = "UIInterfaceOrientationPortrait UIInterfaceOrientationLandscapeLeft UIInterfaceOrientationLandscapeRight";
				IPHONEOS_DEPLOYMENT_TARGET = 15.0;
				LD_RUNPATH_SEARCH_PATHS = (
					"$(inherited)",
					"@executable_path/Frameworks",
				);
				MARKETING_VERSION = 1.0;
				PRODUCT_BUNDLE_IDENTIFIER = com.ortonhsieh.SoulSafe;
				PRODUCT_NAME = "$(TARGET_NAME)";
				SWIFT_EMIT_LOC_STRINGS = YES;
				SWIFT_VERSION = 5.0;
				TARGETED_DEVICE_FAMILY = "1,2";
			};
			name = Release;
		};
/* End XCBuildConfiguration section */

/* Begin XCConfigurationList section */
		91D5A0702A39CC3500B093AE /* Build configuration list for PBXProject "SoulSafe" */ = {
			isa = XCConfigurationList;
			buildConfigurations = (
				91D5A0872A39CC3600B093AE /* Debug */,
				91D5A0882A39CC3600B093AE /* Release */,
			);
			defaultConfigurationIsVisible = 0;
			defaultConfigurationName = Release;
		};
		91D5A0892A39CC3600B093AE /* Build configuration list for PBXNativeTarget "SoulSafe" */ = {
			isa = XCConfigurationList;
			buildConfigurations = (
				91D5A08A2A39CC3600B093AE /* Debug */,
				91D5A08B2A39CC3600B093AE /* Release */,
			);
			defaultConfigurationIsVisible = 0;
			defaultConfigurationName = Release;
		};
/* End XCConfigurationList section */
	};
	rootObject = 91D5A06D2A39CC3500B093AE /* Project object */;
}
