// !$*UTF8*$!
{
	archiveVersion = 1;
	classes = {
	};
	objectVersion = 56;
	objects = {

/* Begin PBXBuildFile section */
		2BA622A3FDB341C77624419C /* Pods_SoulSafe.framework in Frameworks */ = {isa = PBXBuildFile; fileRef = 35F1662022379F1BA92475D2 /* Pods_SoulSafe.framework */; };
		910226BA2A6E2BA200EEA468 /* SignInHelper.swift in Sources */ = {isa = PBXBuildFile; fileRef = 910226B92A6E2BA200EEA468 /* SignInHelper.swift */; };
		9110928D2A4EB66B002C5928 /* PostViewController - Alert.swift in Sources */ = {isa = PBXBuildFile; fileRef = 9110928C2A4EB66B002C5928 /* PostViewController - Alert.swift */; };
		9110928F2A526EA7002C5928 /* MapViewController.swift in Sources */ = {isa = PBXBuildFile; fileRef = 9110928E2A526EA7002C5928 /* MapViewController.swift */; };
		911092922A526EB9002C5928 /* MapView.swift in Sources */ = {isa = PBXBuildFile; fileRef = 911092912A526EB9002C5928 /* MapView.swift */; };
		911092942A52F343002C5928 /* MapCollectionViewCell.swift in Sources */ = {isa = PBXBuildFile; fileRef = 911092932A52F343002C5928 /* MapCollectionViewCell.swift */; };
		911092962A53B6B3002C5928 /* UserAnnotation.swift in Sources */ = {isa = PBXBuildFile; fileRef = 911092952A53B6B3002C5928 /* UserAnnotation.swift */; };
		911092982A53F23D002C5928 /* FriendsAnnotation.swift in Sources */ = {isa = PBXBuildFile; fileRef = 911092972A53F23D002C5928 /* FriendsAnnotation.swift */; };
		9110929A2A53F429002C5928 /* FriendsAnnotationView.swift in Sources */ = {isa = PBXBuildFile; fileRef = 911092992A53F429002C5928 /* FriendsAnnotationView.swift */; };
		9110929C2A53FEF2002C5928 /* LocationModel.swift in Sources */ = {isa = PBXBuildFile; fileRef = 9110929B2A53FEF2002C5928 /* LocationModel.swift */; };
		9110929E2A56C2AA002C5928 /* Extension - UIImage.swift in Sources */ = {isa = PBXBuildFile; fileRef = 9110929D2A56C2AA002C5928 /* Extension - UIImage.swift */; };
		911092A02A56E79E002C5928 /* SettingView.swift in Sources */ = {isa = PBXBuildFile; fileRef = 9110929F2A56E79E002C5928 /* SettingView.swift */; };
		911092A22A56E7A6002C5928 /* SettingTableViewCell.swift in Sources */ = {isa = PBXBuildFile; fileRef = 911092A12A56E7A6002C5928 /* SettingTableViewCell.swift */; };
		911092A42A56EE4C002C5928 /* Extension - UIImageView.swift in Sources */ = {isa = PBXBuildFile; fileRef = 911092A32A56EE4C002C5928 /* Extension - UIImageView.swift */; };
		911092A62A57E993002C5928 /* SignInPage.swift in Sources */ = {isa = PBXBuildFile; fileRef = 911092A52A57E993002C5928 /* SignInPage.swift */; };
		911092A82A5AF6D5002C5928 /* Extension - UIWindow.swift in Sources */ = {isa = PBXBuildFile; fileRef = 911092A72A5AF6D5002C5928 /* Extension - UIWindow.swift */; };
		911092BD2A6660AC002C5928 /* EditNameViewController.swift in Sources */ = {isa = PBXBuildFile; fileRef = 911092BC2A6660AC002C5928 /* EditNameViewController.swift */; };
		911092BF2A666126002C5928 /* EditNameView.swift in Sources */ = {isa = PBXBuildFile; fileRef = 911092BE2A666126002C5928 /* EditNameView.swift */; };
		911092D42A6A9DEE002C5928 /* MapViewController + Locations.swift in Sources */ = {isa = PBXBuildFile; fileRef = 911092D32A6A9DEE002C5928 /* MapViewController + Locations.swift */; };
		911092D62A6AA0F9002C5928 /* UserAnnotationView.swift in Sources */ = {isa = PBXBuildFile; fileRef = 911092D52A6AA0F9002C5928 /* UserAnnotationView.swift */; };
		911092D82A6BA167002C5928 /* MainViewController + CameraView.swift in Sources */ = {isa = PBXBuildFile; fileRef = 911092D72A6BA167002C5928 /* MainViewController + CameraView.swift */; };
		911120582A4C18FF0003F923 /* Extension - DateFormatter.swift in Sources */ = {isa = PBXBuildFile; fileRef = 911120572A4C18FF0003F923 /* Extension - DateFormatter.swift */; };
		9111205C2A4D390E0003F923 /* GroupSelectionView.swift in Sources */ = {isa = PBXBuildFile; fileRef = 9111205B2A4D390E0003F923 /* GroupSelectionView.swift */; };
		9111205E2A4D39580003F923 /* GroupSelectionView - DataSource.swift in Sources */ = {isa = PBXBuildFile; fileRef = 9111205D2A4D39580003F923 /* GroupSelectionView - DataSource.swift */; };
		911120602A4D39630003F923 /* GroupSelectionView - Delegate.swift in Sources */ = {isa = PBXBuildFile; fileRef = 9111205F2A4D39630003F923 /* GroupSelectionView - Delegate.swift */; };
		911120622A4DB00F0003F923 /* MemoriesViewController + Alert.swift in Sources */ = {isa = PBXBuildFile; fileRef = 911120612A4DB00F0003F923 /* MemoriesViewController + Alert.swift */; };
		9127BBC42A3ABCD5008DB929 /* BSViewController.swift in Sources */ = {isa = PBXBuildFile; fileRef = 9127BBC32A3ABCD5008DB929 /* BSViewController.swift */; };
		9127BBC62A3ABD39008DB929 /* MemoriesViewController.swift in Sources */ = {isa = PBXBuildFile; fileRef = 9127BBC52A3ABD39008DB929 /* MemoriesViewController.swift */; };
		9127BBC82A3ABD4B008DB929 /* SettingViewController.swift in Sources */ = {isa = PBXBuildFile; fileRef = 9127BBC72A3ABD4B008DB929 /* SettingViewController.swift */; };
		9127BBCA2A3AC771008DB929 /* Extension - UIColor.swift in Sources */ = {isa = PBXBuildFile; fileRef = 9127BBC92A3AC771008DB929 /* Extension - UIColor.swift */; };
		9127BBCC2A3AE197008DB929 /* CameraView.swift in Sources */ = {isa = PBXBuildFile; fileRef = 9127BBCB2A3AE197008DB929 /* CameraView.swift */; };
		9127BBCE2A3C100A008DB929 /* PicButton.swift in Sources */ = {isa = PBXBuildFile; fileRef = 9127BBCD2A3C100A008DB929 /* PicButton.swift */; };
		9127BBD02A3C381B008DB929 /* Extension - Vibration.swift in Sources */ = {isa = PBXBuildFile; fileRef = 9127BBCF2A3C381B008DB929 /* Extension - Vibration.swift */; };
		9127BBD22A3C3F1D008DB929 /* Extension - Blur.swift in Sources */ = {isa = PBXBuildFile; fileRef = 9127BBD12A3C3F1D008DB929 /* Extension - Blur.swift */; };
		9127BBD92A3C8131008DB929 /* MemoriesView.swift in Sources */ = {isa = PBXBuildFile; fileRef = 9127BBD82A3C8131008DB929 /* MemoriesView.swift */; };
		9127BBDB2A3C8A0C008DB929 /* MemoriesCollectionViewCell.swift in Sources */ = {isa = PBXBuildFile; fileRef = 9127BBDA2A3C8A0C008DB929 /* MemoriesCollectionViewCell.swift */; };
		9127BBDF2A3D8C05008DB929 /* PostViewController.swift in Sources */ = {isa = PBXBuildFile; fileRef = 9127BBDE2A3D8C05008DB929 /* PostViewController.swift */; };
		9127BBE22A3D8C3B008DB929 /* PostTableViewCell - Comments.swift in Sources */ = {isa = PBXBuildFile; fileRef = 9127BBE12A3D8C3B008DB929 /* PostTableViewCell - Comments.swift */; };
		9127BBE42A3D958B008DB929 /* TextAreaView.swift in Sources */ = {isa = PBXBuildFile; fileRef = 9127BBE32A3D958B008DB929 /* TextAreaView.swift */; };
		9164F1552A84DBB9005FF033 /* UIViewController + Extension.swift in Sources */ = {isa = PBXBuildFile; fileRef = 9164F1542A84DBB9005FF033 /* UIViewController + Extension.swift */; };
		9164F1592A85DA2C005FF033 /* SettingViewModel.swift in Sources */ = {isa = PBXBuildFile; fileRef = 9164F1582A85DA2C005FF033 /* SettingViewModel.swift */; };
		917CF54B2A3DF7AA00F02D48 /* PostTableViewCell - Img.swift in Sources */ = {isa = PBXBuildFile; fileRef = 917CF54A2A3DF7AA00F02D48 /* PostTableViewCell - Img.swift */; };
		917CF54D2A3DF80900F02D48 /* PostTableViewCell - GroupList.swift in Sources */ = {isa = PBXBuildFile; fileRef = 917CF54C2A3DF80900F02D48 /* PostTableViewCell - GroupList.swift */; };
		917CF5502A3EFB1A00F02D48 /* MyGroupViewController.swift in Sources */ = {isa = PBXBuildFile; fileRef = 917CF54F2A3EFB1A00F02D48 /* MyGroupViewController.swift */; };
		917CF5522A3EFB8E00F02D48 /* MyGroupTableViewCell.swift in Sources */ = {isa = PBXBuildFile; fileRef = 917CF5512A3EFB8E00F02D48 /* MyGroupTableViewCell.swift */; };
		917CF5552A3F1B8E00F02D48 /* EditGroupViewController.swift in Sources */ = {isa = PBXBuildFile; fileRef = 917CF5542A3F1B8E00F02D48 /* EditGroupViewController.swift */; };
		917CF5572A3F1B9600F02D48 /* EditGroupView.swift in Sources */ = {isa = PBXBuildFile; fileRef = 917CF5562A3F1B9600F02D48 /* EditGroupView.swift */; };
		917CF5592A3F1BA100F02D48 /* EditGroupTableViewCell.swift in Sources */ = {isa = PBXBuildFile; fileRef = 917CF5582A3F1BA100F02D48 /* EditGroupTableViewCell.swift */; };
		917CF55B2A3FFEC700F02D48 /* GoogleService-Info.plist in Resources */ = {isa = PBXBuildFile; fileRef = 917CF55A2A3FFEC700F02D48 /* GoogleService-Info.plist */; };
		9189BC092A79F45300D38783 /* MemoriesViewController + CollectionView.swift in Sources */ = {isa = PBXBuildFile; fileRef = 9189BC082A79F45300D38783 /* MemoriesViewController + CollectionView.swift */; };
		9189BC112A81DF1A00D38783 /* MapViewModel.swift in Sources */ = {isa = PBXBuildFile; fileRef = 9189BC102A81DF1A00D38783 /* MapViewModel.swift */; };
		9189BC132A81ED7C00D38783 /* MapViewController + CollectionView.swift in Sources */ = {isa = PBXBuildFile; fileRef = 9189BC122A81ED7C00D38783 /* MapViewController + CollectionView.swift */; };
		9189BC152A8211CD00D38783 /* SettingViewController + TableView.swift in Sources */ = {isa = PBXBuildFile; fileRef = 9189BC142A8211CD00D38783 /* SettingViewController + TableView.swift */; };
		9189BC172A82179900D38783 /* MemoriesViewController + UISheet + Others.swift in Sources */ = {isa = PBXBuildFile; fileRef = 9189BC162A82179900D38783 /* MemoriesViewController + UISheet + Others.swift */; };
		9189BC192A8219A800D38783 /* MainViewController + AVFoundation.swift in Sources */ = {isa = PBXBuildFile; fileRef = 9189BC182A8219A800D38783 /* MainViewController + AVFoundation.swift */; };
		9189BC1B2A8219E800D38783 /* MainViewController + UISheet.swift in Sources */ = {isa = PBXBuildFile; fileRef = 9189BC1A2A8219E800D38783 /* MainViewController + UISheet.swift */; };
		9189BC1D2A821A1500D38783 /* MainViewController + GroupSelcetion.swift in Sources */ = {isa = PBXBuildFile; fileRef = 9189BC1C2A821A1500D38783 /* MainViewController + GroupSelcetion.swift */; };
		9189BC1F2A821A8100D38783 /* MainViewModel.swift in Sources */ = {isa = PBXBuildFile; fileRef = 9189BC1E2A821A8100D38783 /* MainViewModel.swift */; };
		91D5A0792A39CC3500B093AE /* AppDelegate.swift in Sources */ = {isa = PBXBuildFile; fileRef = 91D5A0782A39CC3500B093AE /* AppDelegate.swift */; };
		91D5A07B2A39CC3500B093AE /* SceneDelegate.swift in Sources */ = {isa = PBXBuildFile; fileRef = 91D5A07A2A39CC3500B093AE /* SceneDelegate.swift */; };
		91D5A07D2A39CC3500B093AE /* MainViewController.swift in Sources */ = {isa = PBXBuildFile; fileRef = 91D5A07C2A39CC3500B093AE /* MainViewController.swift */; };
		91D5A0802A39CC3500B093AE /* Main.storyboard in Resources */ = {isa = PBXBuildFile; fileRef = 91D5A07E2A39CC3500B093AE /* Main.storyboard */; };
		91D5A0822A39CC3600B093AE /* Assets.xcassets in Resources */ = {isa = PBXBuildFile; fileRef = 91D5A0812A39CC3600B093AE /* Assets.xcassets */; };
		91D5A0852A39CC3600B093AE /* LaunchScreen.storyboard in Resources */ = {isa = PBXBuildFile; fileRef = 91D5A0832A39CC3600B093AE /* LaunchScreen.storyboard */; };
		91DBA5D22A442FA400D8D790 /* EditGroupViewController - Alert.swift in Sources */ = {isa = PBXBuildFile; fileRef = 91DBA5D12A442FA400D8D790 /* EditGroupViewController - Alert.swift */; };
		91DBA5D52A46EB2700D8D790 /* Extension - User.swift in Sources */ = {isa = PBXBuildFile; fileRef = 91DBA5D42A46EB2700D8D790 /* Extension - User.swift */; };
		91DBA5DC2A48104700D8D790 /* JoinGroupHelper.swift in Sources */ = {isa = PBXBuildFile; fileRef = 91DBA5DB2A48104700D8D790 /* JoinGroupHelper.swift */; };
		91DBA5F62A49944900D8D790 /* ChatRoomViewController.swift in Sources */ = {isa = PBXBuildFile; fileRef = 91DBA5F52A49944900D8D790 /* ChatRoomViewController.swift */; };
		91DBA5F92A49947300D8D790 /* ChatRoomTableViewCell.swift in Sources */ = {isa = PBXBuildFile; fileRef = 91DBA5F82A49947300D8D790 /* ChatRoomTableViewCell.swift */; };
		91DBA5FB2A49947D00D8D790 /* ChatRoomView.swift in Sources */ = {isa = PBXBuildFile; fileRef = 91DBA5FA2A49947D00D8D790 /* ChatRoomView.swift */; };
		91DBA5FD2A49A51E00D8D790 /* ChatRoomHeaderView.swift in Sources */ = {isa = PBXBuildFile; fileRef = 91DBA5FC2A49A51E00D8D790 /* ChatRoomHeaderView.swift */; };
		91DBA5FF2A4A812E00D8D790 /* ChatRoomTableViewCell - Mine.swift in Sources */ = {isa = PBXBuildFile; fileRef = 91DBA5FE2A4A812E00D8D790 /* ChatRoomTableViewCell - Mine.swift */; };
/* End PBXBuildFile section */

/* Begin PBXCopyFilesBuildPhase section */
		91DBA5F22A49626F00D8D790 /* Embed Foundation Extensions */ = {
			isa = PBXCopyFilesBuildPhase;
			buildActionMask = 2147483647;
			dstPath = "";
			dstSubfolderSpec = 13;
			files = (
			);
			name = "Embed Foundation Extensions";
			runOnlyForDeploymentPostprocessing = 0;
		};
/* End PBXCopyFilesBuildPhase section */

/* Begin PBXFileReference section */
		0494520C1224165E0ED5398A /* Pods-SoulSafe.debug.xcconfig */ = {isa = PBXFileReference; includeInIndex = 1; lastKnownFileType = text.xcconfig; name = "Pods-SoulSafe.debug.xcconfig"; path = "Target Support Files/Pods-SoulSafe/Pods-SoulSafe.debug.xcconfig"; sourceTree = "<group>"; };
		35F1662022379F1BA92475D2 /* Pods_SoulSafe.framework */ = {isa = PBXFileReference; explicitFileType = wrapper.framework; includeInIndex = 0; path = Pods_SoulSafe.framework; sourceTree = BUILT_PRODUCTS_DIR; };
		910226B92A6E2BA200EEA468 /* SignInHelper.swift */ = {isa = PBXFileReference; lastKnownFileType = sourcecode.swift; path = SignInHelper.swift; sourceTree = "<group>"; };
		9110928C2A4EB66B002C5928 /* PostViewController - Alert.swift */ = {isa = PBXFileReference; lastKnownFileType = sourcecode.swift; path = "PostViewController - Alert.swift"; sourceTree = "<group>"; };
		9110928E2A526EA7002C5928 /* MapViewController.swift */ = {isa = PBXFileReference; lastKnownFileType = sourcecode.swift; path = MapViewController.swift; sourceTree = "<group>"; };
		911092912A526EB9002C5928 /* MapView.swift */ = {isa = PBXFileReference; lastKnownFileType = sourcecode.swift; path = MapView.swift; sourceTree = "<group>"; };
		911092932A52F343002C5928 /* MapCollectionViewCell.swift */ = {isa = PBXFileReference; lastKnownFileType = sourcecode.swift; path = MapCollectionViewCell.swift; sourceTree = "<group>"; };
		911092952A53B6B3002C5928 /* UserAnnotation.swift */ = {isa = PBXFileReference; lastKnownFileType = sourcecode.swift; path = UserAnnotation.swift; sourceTree = "<group>"; };
		911092972A53F23D002C5928 /* FriendsAnnotation.swift */ = {isa = PBXFileReference; lastKnownFileType = sourcecode.swift; path = FriendsAnnotation.swift; sourceTree = "<group>"; };
		911092992A53F429002C5928 /* FriendsAnnotationView.swift */ = {isa = PBXFileReference; lastKnownFileType = sourcecode.swift; path = FriendsAnnotationView.swift; sourceTree = "<group>"; };
		9110929B2A53FEF2002C5928 /* LocationModel.swift */ = {isa = PBXFileReference; lastKnownFileType = sourcecode.swift; path = LocationModel.swift; sourceTree = "<group>"; };
		9110929D2A56C2AA002C5928 /* Extension - UIImage.swift */ = {isa = PBXFileReference; lastKnownFileType = sourcecode.swift; path = "Extension - UIImage.swift"; sourceTree = "<group>"; };
		9110929F2A56E79E002C5928 /* SettingView.swift */ = {isa = PBXFileReference; lastKnownFileType = sourcecode.swift; path = SettingView.swift; sourceTree = "<group>"; };
		911092A12A56E7A6002C5928 /* SettingTableViewCell.swift */ = {isa = PBXFileReference; lastKnownFileType = sourcecode.swift; path = SettingTableViewCell.swift; sourceTree = "<group>"; };
		911092A32A56EE4C002C5928 /* Extension - UIImageView.swift */ = {isa = PBXFileReference; lastKnownFileType = sourcecode.swift; path = "Extension - UIImageView.swift"; sourceTree = "<group>"; };
		911092A52A57E993002C5928 /* SignInPage.swift */ = {isa = PBXFileReference; lastKnownFileType = sourcecode.swift; path = SignInPage.swift; sourceTree = "<group>"; };
		911092A72A5AF6D5002C5928 /* Extension - UIWindow.swift */ = {isa = PBXFileReference; lastKnownFileType = sourcecode.swift; path = "Extension - UIWindow.swift"; sourceTree = "<group>"; };
		911092BC2A6660AC002C5928 /* EditNameViewController.swift */ = {isa = PBXFileReference; lastKnownFileType = sourcecode.swift; path = EditNameViewController.swift; sourceTree = "<group>"; };
		911092BE2A666126002C5928 /* EditNameView.swift */ = {isa = PBXFileReference; lastKnownFileType = sourcecode.swift; path = EditNameView.swift; sourceTree = "<group>"; };
		911092D32A6A9DEE002C5928 /* MapViewController + Locations.swift */ = {isa = PBXFileReference; lastKnownFileType = sourcecode.swift; path = "MapViewController + Locations.swift"; sourceTree = "<group>"; };
		911092D52A6AA0F9002C5928 /* UserAnnotationView.swift */ = {isa = PBXFileReference; lastKnownFileType = sourcecode.swift; path = UserAnnotationView.swift; sourceTree = "<group>"; };
		911092D72A6BA167002C5928 /* MainViewController + CameraView.swift */ = {isa = PBXFileReference; lastKnownFileType = sourcecode.swift; path = "MainViewController + CameraView.swift"; sourceTree = "<group>"; };
		911120572A4C18FF0003F923 /* Extension - DateFormatter.swift */ = {isa = PBXFileReference; lastKnownFileType = sourcecode.swift; path = "Extension - DateFormatter.swift"; sourceTree = "<group>"; };
		9111205B2A4D390E0003F923 /* GroupSelectionView.swift */ = {isa = PBXFileReference; lastKnownFileType = sourcecode.swift; path = GroupSelectionView.swift; sourceTree = "<group>"; };
		9111205D2A4D39580003F923 /* GroupSelectionView - DataSource.swift */ = {isa = PBXFileReference; lastKnownFileType = sourcecode.swift; path = "GroupSelectionView - DataSource.swift"; sourceTree = "<group>"; };
		9111205F2A4D39630003F923 /* GroupSelectionView - Delegate.swift */ = {isa = PBXFileReference; lastKnownFileType = sourcecode.swift; path = "GroupSelectionView - Delegate.swift"; sourceTree = "<group>"; };
		911120612A4DB00F0003F923 /* MemoriesViewController + Alert.swift */ = {isa = PBXFileReference; lastKnownFileType = sourcecode.swift; path = "MemoriesViewController + Alert.swift"; sourceTree = "<group>"; };
		9127BBC32A3ABCD5008DB929 /* BSViewController.swift */ = {isa = PBXFileReference; lastKnownFileType = sourcecode.swift; path = BSViewController.swift; sourceTree = "<group>"; };
		9127BBC52A3ABD39008DB929 /* MemoriesViewController.swift */ = {isa = PBXFileReference; lastKnownFileType = sourcecode.swift; path = MemoriesViewController.swift; sourceTree = "<group>"; };
		9127BBC72A3ABD4B008DB929 /* SettingViewController.swift */ = {isa = PBXFileReference; lastKnownFileType = sourcecode.swift; path = SettingViewController.swift; sourceTree = "<group>"; };
		9127BBC92A3AC771008DB929 /* Extension - UIColor.swift */ = {isa = PBXFileReference; lastKnownFileType = sourcecode.swift; path = "Extension - UIColor.swift"; sourceTree = "<group>"; };
		9127BBCB2A3AE197008DB929 /* CameraView.swift */ = {isa = PBXFileReference; lastKnownFileType = sourcecode.swift; path = CameraView.swift; sourceTree = "<group>"; };
		9127BBCD2A3C100A008DB929 /* PicButton.swift */ = {isa = PBXFileReference; lastKnownFileType = sourcecode.swift; path = PicButton.swift; sourceTree = "<group>"; };
		9127BBCF2A3C381B008DB929 /* Extension - Vibration.swift */ = {isa = PBXFileReference; lastKnownFileType = sourcecode.swift; path = "Extension - Vibration.swift"; sourceTree = "<group>"; };
		9127BBD12A3C3F1D008DB929 /* Extension - Blur.swift */ = {isa = PBXFileReference; lastKnownFileType = sourcecode.swift; path = "Extension - Blur.swift"; sourceTree = "<group>"; };
		9127BBD82A3C8131008DB929 /* MemoriesView.swift */ = {isa = PBXFileReference; lastKnownFileType = sourcecode.swift; path = MemoriesView.swift; sourceTree = "<group>"; };
		9127BBDA2A3C8A0C008DB929 /* MemoriesCollectionViewCell.swift */ = {isa = PBXFileReference; lastKnownFileType = sourcecode.swift; path = MemoriesCollectionViewCell.swift; sourceTree = "<group>"; };
		9127BBDE2A3D8C05008DB929 /* PostViewController.swift */ = {isa = PBXFileReference; lastKnownFileType = sourcecode.swift; path = PostViewController.swift; sourceTree = "<group>"; };
		9127BBE12A3D8C3B008DB929 /* PostTableViewCell - Comments.swift */ = {isa = PBXFileReference; lastKnownFileType = sourcecode.swift; path = "PostTableViewCell - Comments.swift"; sourceTree = "<group>"; };
		9127BBE32A3D958B008DB929 /* TextAreaView.swift */ = {isa = PBXFileReference; lastKnownFileType = sourcecode.swift; path = TextAreaView.swift; sourceTree = "<group>"; };
		9164F1542A84DBB9005FF033 /* UIViewController + Extension.swift */ = {isa = PBXFileReference; lastKnownFileType = sourcecode.swift; path = "UIViewController + Extension.swift"; sourceTree = "<group>"; };
		9164F1582A85DA2C005FF033 /* SettingViewModel.swift */ = {isa = PBXFileReference; lastKnownFileType = sourcecode.swift; path = SettingViewModel.swift; sourceTree = "<group>"; };
		917CF54A2A3DF7AA00F02D48 /* PostTableViewCell - Img.swift */ = {isa = PBXFileReference; lastKnownFileType = sourcecode.swift; path = "PostTableViewCell - Img.swift"; sourceTree = "<group>"; };
		917CF54C2A3DF80900F02D48 /* PostTableViewCell - GroupList.swift */ = {isa = PBXFileReference; lastKnownFileType = sourcecode.swift; path = "PostTableViewCell - GroupList.swift"; sourceTree = "<group>"; };
		917CF54F2A3EFB1A00F02D48 /* MyGroupViewController.swift */ = {isa = PBXFileReference; lastKnownFileType = sourcecode.swift; path = MyGroupViewController.swift; sourceTree = "<group>"; };
		917CF5512A3EFB8E00F02D48 /* MyGroupTableViewCell.swift */ = {isa = PBXFileReference; lastKnownFileType = sourcecode.swift; path = MyGroupTableViewCell.swift; sourceTree = "<group>"; };
		917CF5542A3F1B8E00F02D48 /* EditGroupViewController.swift */ = {isa = PBXFileReference; lastKnownFileType = sourcecode.swift; path = EditGroupViewController.swift; sourceTree = "<group>"; };
		917CF5562A3F1B9600F02D48 /* EditGroupView.swift */ = {isa = PBXFileReference; lastKnownFileType = sourcecode.swift; path = EditGroupView.swift; sourceTree = "<group>"; };
		917CF5582A3F1BA100F02D48 /* EditGroupTableViewCell.swift */ = {isa = PBXFileReference; lastKnownFileType = sourcecode.swift; path = EditGroupTableViewCell.swift; sourceTree = "<group>"; };
		917CF55A2A3FFEC700F02D48 /* GoogleService-Info.plist */ = {isa = PBXFileReference; fileEncoding = 4; lastKnownFileType = text.plist.xml; path = "GoogleService-Info.plist"; sourceTree = "<group>"; };
		9189BC082A79F45300D38783 /* MemoriesViewController + CollectionView.swift */ = {isa = PBXFileReference; lastKnownFileType = sourcecode.swift; path = "MemoriesViewController + CollectionView.swift"; sourceTree = "<group>"; };
		9189BC102A81DF1A00D38783 /* MapViewModel.swift */ = {isa = PBXFileReference; lastKnownFileType = sourcecode.swift; path = MapViewModel.swift; sourceTree = "<group>"; };
		9189BC122A81ED7C00D38783 /* MapViewController + CollectionView.swift */ = {isa = PBXFileReference; lastKnownFileType = sourcecode.swift; path = "MapViewController + CollectionView.swift"; sourceTree = "<group>"; };
		9189BC142A8211CD00D38783 /* SettingViewController + TableView.swift */ = {isa = PBXFileReference; lastKnownFileType = sourcecode.swift; path = "SettingViewController + TableView.swift"; sourceTree = "<group>"; };
		9189BC162A82179900D38783 /* MemoriesViewController + UISheet + Others.swift */ = {isa = PBXFileReference; lastKnownFileType = sourcecode.swift; path = "MemoriesViewController + UISheet + Others.swift"; sourceTree = "<group>"; };
		9189BC182A8219A800D38783 /* MainViewController + AVFoundation.swift */ = {isa = PBXFileReference; lastKnownFileType = sourcecode.swift; path = "MainViewController + AVFoundation.swift"; sourceTree = "<group>"; };
		9189BC1A2A8219E800D38783 /* MainViewController + UISheet.swift */ = {isa = PBXFileReference; lastKnownFileType = sourcecode.swift; path = "MainViewController + UISheet.swift"; sourceTree = "<group>"; };
		9189BC1C2A821A1500D38783 /* MainViewController + GroupSelcetion.swift */ = {isa = PBXFileReference; lastKnownFileType = sourcecode.swift; path = "MainViewController + GroupSelcetion.swift"; sourceTree = "<group>"; };
		9189BC1E2A821A8100D38783 /* MainViewModel.swift */ = {isa = PBXFileReference; lastKnownFileType = sourcecode.swift; path = MainViewModel.swift; sourceTree = "<group>"; };
		91D5A0752A39CC3500B093AE /* SoulSafe.app */ = {isa = PBXFileReference; explicitFileType = wrapper.application; includeInIndex = 0; path = SoulSafe.app; sourceTree = BUILT_PRODUCTS_DIR; };
		91D5A0782A39CC3500B093AE /* AppDelegate.swift */ = {isa = PBXFileReference; lastKnownFileType = sourcecode.swift; path = AppDelegate.swift; sourceTree = "<group>"; };
		91D5A07A2A39CC3500B093AE /* SceneDelegate.swift */ = {isa = PBXFileReference; lastKnownFileType = sourcecode.swift; path = SceneDelegate.swift; sourceTree = "<group>"; };
		91D5A07C2A39CC3500B093AE /* MainViewController.swift */ = {isa = PBXFileReference; lastKnownFileType = sourcecode.swift; path = MainViewController.swift; sourceTree = "<group>"; };
		91D5A07F2A39CC3500B093AE /* Base */ = {isa = PBXFileReference; lastKnownFileType = file.storyboard; name = Base; path = Base.lproj/Main.storyboard; sourceTree = "<group>"; };
		91D5A0812A39CC3600B093AE /* Assets.xcassets */ = {isa = PBXFileReference; lastKnownFileType = folder.assetcatalog; path = Assets.xcassets; sourceTree = "<group>"; };
		91D5A0842A39CC3600B093AE /* Base */ = {isa = PBXFileReference; lastKnownFileType = file.storyboard; name = Base; path = Base.lproj/LaunchScreen.storyboard; sourceTree = "<group>"; };
		91D5A0862A39CC3600B093AE /* Info.plist */ = {isa = PBXFileReference; lastKnownFileType = text.plist.xml; path = Info.plist; sourceTree = "<group>"; };
		91DBA5D12A442FA400D8D790 /* EditGroupViewController - Alert.swift */ = {isa = PBXFileReference; lastKnownFileType = sourcecode.swift; path = "EditGroupViewController - Alert.swift"; sourceTree = "<group>"; };
		91DBA5D32A458D8B00D8D790 /* SoulSafe.entitlements */ = {isa = PBXFileReference; lastKnownFileType = text.plist.entitlements; path = SoulSafe.entitlements; sourceTree = "<group>"; };
		91DBA5D42A46EB2700D8D790 /* Extension - User.swift */ = {isa = PBXFileReference; lastKnownFileType = sourcecode.swift; path = "Extension - User.swift"; sourceTree = "<group>"; };
		91DBA5DB2A48104700D8D790 /* JoinGroupHelper.swift */ = {isa = PBXFileReference; lastKnownFileType = sourcecode.swift; path = JoinGroupHelper.swift; sourceTree = "<group>"; };
		91DBA5F52A49944900D8D790 /* ChatRoomViewController.swift */ = {isa = PBXFileReference; lastKnownFileType = sourcecode.swift; path = ChatRoomViewController.swift; sourceTree = "<group>"; };
		91DBA5F82A49947300D8D790 /* ChatRoomTableViewCell.swift */ = {isa = PBXFileReference; lastKnownFileType = sourcecode.swift; path = ChatRoomTableViewCell.swift; sourceTree = "<group>"; };
		91DBA5FA2A49947D00D8D790 /* ChatRoomView.swift */ = {isa = PBXFileReference; lastKnownFileType = sourcecode.swift; path = ChatRoomView.swift; sourceTree = "<group>"; };
		91DBA5FC2A49A51E00D8D790 /* ChatRoomHeaderView.swift */ = {isa = PBXFileReference; lastKnownFileType = sourcecode.swift; path = ChatRoomHeaderView.swift; sourceTree = "<group>"; };
		91DBA5FE2A4A812E00D8D790 /* ChatRoomTableViewCell - Mine.swift */ = {isa = PBXFileReference; lastKnownFileType = sourcecode.swift; path = "ChatRoomTableViewCell - Mine.swift"; sourceTree = "<group>"; };
		FD7B7C8562038BE58B555248 /* Pods-SoulSafe.release.xcconfig */ = {isa = PBXFileReference; includeInIndex = 1; lastKnownFileType = text.xcconfig; name = "Pods-SoulSafe.release.xcconfig"; path = "Target Support Files/Pods-SoulSafe/Pods-SoulSafe.release.xcconfig"; sourceTree = "<group>"; };
/* End PBXFileReference section */

/* Begin PBXFrameworksBuildPhase section */
		91D5A0722A39CC3500B093AE /* Frameworks */ = {
			isa = PBXFrameworksBuildPhase;
			buildActionMask = 2147483647;
			files = (
				2BA622A3FDB341C77624419C /* Pods_SoulSafe.framework in Frameworks */,
			);
			runOnlyForDeploymentPostprocessing = 0;
		};
/* End PBXFrameworksBuildPhase section */

/* Begin PBXGroup section */
		5C67271D51CD525D3F222DA2 /* Frameworks */ = {
			isa = PBXGroup;
			children = (
				35F1662022379F1BA92475D2 /* Pods_SoulSafe.framework */,
			);
			name = Frameworks;
			sourceTree = "<group>";
		};
		911092902A526EAA002C5928 /* MapViewController */ = {
			isa = PBXGroup;
			children = (
				9110928E2A526EA7002C5928 /* MapViewController.swift */,
				911092D32A6A9DEE002C5928 /* MapViewController + Locations.swift */,
				9189BC122A81ED7C00D38783 /* MapViewController + CollectionView.swift */,
				9189BC102A81DF1A00D38783 /* MapViewModel.swift */,
				9110929B2A53FEF2002C5928 /* LocationModel.swift */,
				911092912A526EB9002C5928 /* MapView.swift */,
				911092932A52F343002C5928 /* MapCollectionViewCell.swift */,
				911092952A53B6B3002C5928 /* UserAnnotation.swift */,
				911092D52A6AA0F9002C5928 /* UserAnnotationView.swift */,
				911092972A53F23D002C5928 /* FriendsAnnotation.swift */,
				911092992A53F429002C5928 /* FriendsAnnotationView.swift */,
			);
			path = MapViewController;
			sourceTree = "<group>";
		};
		9127BBD32A3C66D8008DB929 /* BaseViewController */ = {
			isa = PBXGroup;
			children = (
				9127BBC32A3ABCD5008DB929 /* BSViewController.swift */,
			);
			path = BaseViewController;
			sourceTree = "<group>";
		};
		9127BBD42A3C66EC008DB929 /* Extensions */ = {
			isa = PBXGroup;
			children = (
				9164F1542A84DBB9005FF033 /* UIViewController + Extension.swift */,
				9127BBC92A3AC771008DB929 /* Extension - UIColor.swift */,
				9110929D2A56C2AA002C5928 /* Extension - UIImage.swift */,
				911092A32A56EE4C002C5928 /* Extension - UIImageView.swift */,
				9127BBCF2A3C381B008DB929 /* Extension - Vibration.swift */,
				911092A72A5AF6D5002C5928 /* Extension - UIWindow.swift */,
				9127BBD12A3C3F1D008DB929 /* Extension - Blur.swift */,
				91DBA5D42A46EB2700D8D790 /* Extension - User.swift */,
				911120572A4C18FF0003F923 /* Extension - DateFormatter.swift */,
			);
			path = Extensions;
			sourceTree = "<group>";
		};
		9127BBD52A3C6713008DB929 /* MainViewController */ = {
			isa = PBXGroup;
			children = (
				91D5A07C2A39CC3500B093AE /* MainViewController.swift */,
				911092D72A6BA167002C5928 /* MainViewController + CameraView.swift */,
				9189BC1E2A821A8100D38783 /* MainViewModel.swift */,
				9189BC182A8219A800D38783 /* MainViewController + AVFoundation.swift */,
				9189BC1A2A8219E800D38783 /* MainViewController + UISheet.swift */,
				9189BC1C2A821A1500D38783 /* MainViewController + GroupSelcetion.swift */,
				9127BBCB2A3AE197008DB929 /* CameraView.swift */,
				9111205B2A4D390E0003F923 /* GroupSelectionView.swift */,
				9111205D2A4D39580003F923 /* GroupSelectionView - DataSource.swift */,
				9111205F2A4D39630003F923 /* GroupSelectionView - Delegate.swift */,
				9127BBCD2A3C100A008DB929 /* PicButton.swift */,
			);
			path = MainViewController;
			sourceTree = "<group>";
		};
		9127BBD62A3C6809008DB929 /* MemoriesViewController */ = {
			isa = PBXGroup;
			children = (
				9127BBC52A3ABD39008DB929 /* MemoriesViewController.swift */,
				9189BC082A79F45300D38783 /* MemoriesViewController + CollectionView.swift */,
				911120612A4DB00F0003F923 /* MemoriesViewController + Alert.swift */,
				9189BC162A82179900D38783 /* MemoriesViewController + UISheet + Others.swift */,
				9127BBD82A3C8131008DB929 /* MemoriesView.swift */,
				9127BBDA2A3C8A0C008DB929 /* MemoriesCollectionViewCell.swift */,
				9127BBE02A3D8C09008DB929 /* PostViewController */,
			);
			path = MemoriesViewController;
			sourceTree = "<group>";
		};
		9127BBD72A3C6813008DB929 /* SettingViewController */ = {
			isa = PBXGroup;
			children = (
				9127BBC72A3ABD4B008DB929 /* SettingViewController.swift */,
				9189BC142A8211CD00D38783 /* SettingViewController + TableView.swift */,
				9164F1582A85DA2C005FF033 /* SettingViewModel.swift */,
				9110929F2A56E79E002C5928 /* SettingView.swift */,
				911092A12A56E7A6002C5928 /* SettingTableViewCell.swift */,
				911092BC2A6660AC002C5928 /* EditNameViewController.swift */,
				911092BE2A666126002C5928 /* EditNameView.swift */,
			);
			path = SettingViewController;
			sourceTree = "<group>";
		};
		9127BBE02A3D8C09008DB929 /* PostViewController */ = {
			isa = PBXGroup;
			children = (
				9127BBDE2A3D8C05008DB929 /* PostViewController.swift */,
				9110928C2A4EB66B002C5928 /* PostViewController - Alert.swift */,
				9127BBE12A3D8C3B008DB929 /* PostTableViewCell - Comments.swift */,
				917CF54C2A3DF80900F02D48 /* PostTableViewCell - GroupList.swift */,
				917CF54A2A3DF7AA00F02D48 /* PostTableViewCell - Img.swift */,
				9127BBE32A3D958B008DB929 /* TextAreaView.swift */,
			);
			path = PostViewController;
			sourceTree = "<group>";
		};
		9164F1572A84EFD3005FF033 /* Helper */ = {
			isa = PBXGroup;
			children = (
				910226B92A6E2BA200EEA468 /* SignInHelper.swift */,
				91DBA5DB2A48104700D8D790 /* JoinGroupHelper.swift */,
			);
			path = Helper;
			sourceTree = "<group>";
		};
		917CF54E2A3EFAEA00F02D48 /* MyGroupViewController */ = {
			isa = PBXGroup;
			children = (
				917CF54F2A3EFB1A00F02D48 /* MyGroupViewController.swift */,
				917CF5512A3EFB8E00F02D48 /* MyGroupTableViewCell.swift */,
				917CF5532A3F18F000F02D48 /* EditGroupViewController */,
			);
			path = MyGroupViewController;
			sourceTree = "<group>";
		};
		917CF5532A3F18F000F02D48 /* EditGroupViewController */ = {
			isa = PBXGroup;
			children = (
				917CF5542A3F1B8E00F02D48 /* EditGroupViewController.swift */,
				91DBA5D12A442FA400D8D790 /* EditGroupViewController - Alert.swift */,
				917CF5562A3F1B9600F02D48 /* EditGroupView.swift */,
				917CF5582A3F1BA100F02D48 /* EditGroupTableViewCell.swift */,
			);
			path = EditGroupViewController;
			sourceTree = "<group>";
		};
		91D5A06C2A39CC3500B093AE = {
			isa = PBXGroup;
			children = (
				91D5A0772A39CC3500B093AE /* SoulSafe */,
				91D5A0762A39CC3500B093AE /* Products */,
				A79C49737D22B4728B07C1B4 /* Pods */,
				5C67271D51CD525D3F222DA2 /* Frameworks */,
			);
			sourceTree = "<group>";
		};
		91D5A0762A39CC3500B093AE /* Products */ = {
			isa = PBXGroup;
			children = (
				91D5A0752A39CC3500B093AE /* SoulSafe.app */,
			);
			name = Products;
			sourceTree = "<group>";
		};
		91D5A0772A39CC3500B093AE /* SoulSafe */ = {
			isa = PBXGroup;
			children = (
				91DBA5D32A458D8B00D8D790 /* SoulSafe.entitlements */,
				91D5A0782A39CC3500B093AE /* AppDelegate.swift */,
				91D5A07A2A39CC3500B093AE /* SceneDelegate.swift */,
				911092A52A57E993002C5928 /* SignInPage.swift */,
				911092902A526EAA002C5928 /* MapViewController */,
				91DBA5F72A49944D00D8D790 /* ChatRoomViewController */,
				9164F1572A84EFD3005FF033 /* Helper */,
				9127BBD72A3C6813008DB929 /* SettingViewController */,
				9127BBD42A3C66EC008DB929 /* Extensions */,
				9127BBD32A3C66D8008DB929 /* BaseViewController */,
				9127BBD62A3C6809008DB929 /* MemoriesViewController */,
				917CF54E2A3EFAEA00F02D48 /* MyGroupViewController */,
				9127BBD52A3C6713008DB929 /* MainViewController */,
				91D5A07E2A39CC3500B093AE /* Main.storyboard */,
				91D5A0812A39CC3600B093AE /* Assets.xcassets */,
				91D5A0832A39CC3600B093AE /* LaunchScreen.storyboard */,
				91D5A0862A39CC3600B093AE /* Info.plist */,
				917CF55A2A3FFEC700F02D48 /* GoogleService-Info.plist */,
			);
			path = SoulSafe;
			sourceTree = "<group>";
		};
		91DBA5F72A49944D00D8D790 /* ChatRoomViewController */ = {
			isa = PBXGroup;
			children = (
				91DBA5F52A49944900D8D790 /* ChatRoomViewController.swift */,
				91DBA5F82A49947300D8D790 /* ChatRoomTableViewCell.swift */,
				91DBA5FE2A4A812E00D8D790 /* ChatRoomTableViewCell - Mine.swift */,
				91DBA5FA2A49947D00D8D790 /* ChatRoomView.swift */,
				91DBA5FC2A49A51E00D8D790 /* ChatRoomHeaderView.swift */,
			);
			path = ChatRoomViewController;
			sourceTree = "<group>";
		};
		A79C49737D22B4728B07C1B4 /* Pods */ = {
			isa = PBXGroup;
			children = (
				0494520C1224165E0ED5398A /* Pods-SoulSafe.debug.xcconfig */,
				FD7B7C8562038BE58B555248 /* Pods-SoulSafe.release.xcconfig */,
			);
			path = Pods;
			sourceTree = "<group>";
		};
/* End PBXGroup section */

/* Begin PBXNativeTarget section */
		91D5A0742A39CC3500B093AE /* SoulSafe */ = {
			isa = PBXNativeTarget;
			buildConfigurationList = 91D5A0892A39CC3600B093AE /* Build configuration list for PBXNativeTarget "SoulSafe" */;
			buildPhases = (
				C0395170E757759FA0B3B341 /* [CP] Check Pods Manifest.lock */,
				91D5A0712A39CC3500B093AE /* Sources */,
				91D5A0722A39CC3500B093AE /* Frameworks */,
				91D5A0732A39CC3500B093AE /* Resources */,
				917FBE212A3AA0CE00B7C95C /* ShellScript */,
				A0136ED55C9CB450BA2C3CC3 /* [CP] Embed Pods Frameworks */,
				91DBA5F22A49626F00D8D790 /* Embed Foundation Extensions */,
			);
			buildRules = (
			);
			dependencies = (
			);
			name = SoulSafe;
			productName = SoulSafe;
			productReference = 91D5A0752A39CC3500B093AE /* SoulSafe.app */;
			productType = "com.apple.product-type.application";
		};
/* End PBXNativeTarget section */

/* Begin PBXProject section */
		91D5A06D2A39CC3500B093AE /* Project object */ = {
			isa = PBXProject;
			attributes = {
				BuildIndependentTargetsInParallel = 1;
				LastSwiftUpdateCheck = 1420;
				LastUpgradeCheck = 1420;
				TargetAttributes = {
					91D5A0742A39CC3500B093AE = {
						CreatedOnToolsVersion = 14.2;
					};
				};
			};
			buildConfigurationList = 91D5A0702A39CC3500B093AE /* Build configuration list for PBXProject "SoulSafe" */;
			compatibilityVersion = "Xcode 14.0";
			developmentRegion = en;
			hasScannedForEncodings = 0;
			knownRegions = (
				en,
				Base,
			);
			mainGroup = 91D5A06C2A39CC3500B093AE;
			productRefGroup = 91D5A0762A39CC3500B093AE /* Products */;
			projectDirPath = "";
			projectRoot = "";
			targets = (
				91D5A0742A39CC3500B093AE /* SoulSafe */,
			);
		};
/* End PBXProject section */

/* Begin PBXResourcesBuildPhase section */
		91D5A0732A39CC3500B093AE /* Resources */ = {
			isa = PBXResourcesBuildPhase;
			buildActionMask = 2147483647;
			files = (
				91D5A0852A39CC3600B093AE /* LaunchScreen.storyboard in Resources */,
				91D5A0822A39CC3600B093AE /* Assets.xcassets in Resources */,
				91D5A0802A39CC3500B093AE /* Main.storyboard in Resources */,
				917CF55B2A3FFEC700F02D48 /* GoogleService-Info.plist in Resources */,
			);
			runOnlyForDeploymentPostprocessing = 0;
		};
/* End PBXResourcesBuildPhase section */

/* Begin PBXShellScriptBuildPhase section */
		917FBE212A3AA0CE00B7C95C /* ShellScript */ = {
			isa = PBXShellScriptBuildPhase;
			alwaysOutOfDate = 1;
			buildActionMask = 2147483647;
			files = (
			);
			inputFileListPaths = (
			);
			inputPaths = (
			);
			outputFileListPaths = (
			);
			outputPaths = (
			);
			runOnlyForDeploymentPostprocessing = 0;
			shellPath = /bin/sh;
			shellScript = "if [[ \"$(uname -m)\" == arm64 ]]; then\n    export PATH=\"/opt/homebrew/bin:$PATH\"\nfi\n\nif which swiftlint > /dev/null; then\n  swiftlint\nelse\n  echo \"warning: SwiftLint not installed, download from https://github.com/realm/SwiftLint\"\nfi\n";
		};
		A0136ED55C9CB450BA2C3CC3 /* [CP] Embed Pods Frameworks */ = {
			isa = PBXShellScriptBuildPhase;
			buildActionMask = 2147483647;
			files = (
			);
			inputFileListPaths = (
				"${PODS_ROOT}/Target Support Files/Pods-SoulSafe/Pods-SoulSafe-frameworks-${CONFIGURATION}-input-files.xcfilelist",
			);
			name = "[CP] Embed Pods Frameworks";
			outputFileListPaths = (
				"${PODS_ROOT}/Target Support Files/Pods-SoulSafe/Pods-SoulSafe-frameworks-${CONFIGURATION}-output-files.xcfilelist",
			);
			runOnlyForDeploymentPostprocessing = 0;
			shellPath = /bin/sh;
			shellScript = "\"${PODS_ROOT}/Target Support Files/Pods-SoulSafe/Pods-SoulSafe-frameworks.sh\"\n";
			showEnvVarsInLog = 0;
		};
		C0395170E757759FA0B3B341 /* [CP] Check Pods Manifest.lock */ = {
			isa = PBXShellScriptBuildPhase;
			buildActionMask = 2147483647;
			files = (
			);
			inputFileListPaths = (
			);
			inputPaths = (
				"${PODS_PODFILE_DIR_PATH}/Podfile.lock",
				"${PODS_ROOT}/Manifest.lock",
			);
			name = "[CP] Check Pods Manifest.lock";
			outputFileListPaths = (
			);
			outputPaths = (
				"$(DERIVED_FILE_DIR)/Pods-SoulSafe-checkManifestLockResult.txt",
			);
			runOnlyForDeploymentPostprocessing = 0;
			shellPath = /bin/sh;
			shellScript = "diff \"${PODS_PODFILE_DIR_PATH}/Podfile.lock\" \"${PODS_ROOT}/Manifest.lock\" > /dev/null\nif [ $? != 0 ] ; then\n    # print error to STDERR\n    echo \"error: The sandbox is not in sync with the Podfile.lock. Run 'pod install' or update your CocoaPods installation.\" >&2\n    exit 1\nfi\n# This output is used by Xcode 'outputs' to avoid re-running this script phase.\necho \"SUCCESS\" > \"${SCRIPT_OUTPUT_FILE_0}\"\n";
			showEnvVarsInLog = 0;
		};
/* End PBXShellScriptBuildPhase section */

/* Begin PBXSourcesBuildPhase section */
		91D5A0712A39CC3500B093AE /* Sources */ = {
			isa = PBXSourcesBuildPhase;
			buildActionMask = 2147483647;
			files = (
				9164F1592A85DA2C005FF033 /* SettingViewModel.swift in Sources */,
				9189BC132A81ED7C00D38783 /* MapViewController + CollectionView.swift in Sources */,
				91DBA5FD2A49A51E00D8D790 /* ChatRoomHeaderView.swift in Sources */,
				910226BA2A6E2BA200EEA468 /* SignInHelper.swift in Sources */,
				9189BC1F2A821A8100D38783 /* MainViewModel.swift in Sources */,
				91D5A07D2A39CC3500B093AE /* MainViewController.swift in Sources */,
				91DBA5FF2A4A812E00D8D790 /* ChatRoomTableViewCell - Mine.swift in Sources */,
				917CF5552A3F1B8E00F02D48 /* EditGroupViewController.swift in Sources */,
				911120602A4D39630003F923 /* GroupSelectionView - Delegate.swift in Sources */,
				9189BC172A82179900D38783 /* MemoriesViewController + UISheet + Others.swift in Sources */,
				9127BBDB2A3C8A0C008DB929 /* MemoriesCollectionViewCell.swift in Sources */,
				9110929A2A53F429002C5928 /* FriendsAnnotationView.swift in Sources */,
				9189BC1D2A821A1500D38783 /* MainViewController + GroupSelcetion.swift in Sources */,
				9127BBE22A3D8C3B008DB929 /* PostTableViewCell - Comments.swift in Sources */,
				91DBA5FB2A49947D00D8D790 /* ChatRoomView.swift in Sources */,
				911092D42A6A9DEE002C5928 /* MapViewController + Locations.swift in Sources */,
				911120622A4DB00F0003F923 /* MemoriesViewController + Alert.swift in Sources */,
				917CF5572A3F1B9600F02D48 /* EditGroupView.swift in Sources */,
				917CF5522A3EFB8E00F02D48 /* MyGroupTableViewCell.swift in Sources */,
				9127BBDF2A3D8C05008DB929 /* PostViewController.swift in Sources */,
				911092A82A5AF6D5002C5928 /* Extension - UIWindow.swift in Sources */,
				9127BBCC2A3AE197008DB929 /* CameraView.swift in Sources */,
				917CF5592A3F1BA100F02D48 /* EditGroupTableViewCell.swift in Sources */,
				9127BBCE2A3C100A008DB929 /* PicButton.swift in Sources */,
				9189BC1B2A8219E800D38783 /* MainViewController + UISheet.swift in Sources */,
				911092A22A56E7A6002C5928 /* SettingTableViewCell.swift in Sources */,
				9127BBE42A3D958B008DB929 /* TextAreaView.swift in Sources */,
				91DBA5D52A46EB2700D8D790 /* Extension - User.swift in Sources */,
				9127BBC62A3ABD39008DB929 /* MemoriesViewController.swift in Sources */,
				9110929E2A56C2AA002C5928 /* Extension - UIImage.swift in Sources */,
				911092922A526EB9002C5928 /* MapView.swift in Sources */,
				911092A02A56E79E002C5928 /* SettingView.swift in Sources */,
				9111205E2A4D39580003F923 /* GroupSelectionView - DataSource.swift in Sources */,
				911092BF2A666126002C5928 /* EditNameView.swift in Sources */,
				911092982A53F23D002C5928 /* FriendsAnnotation.swift in Sources */,
				9189BC192A8219A800D38783 /* MainViewController + AVFoundation.swift in Sources */,
				91DBA5DC2A48104700D8D790 /* JoinGroupHelper.swift in Sources */,
				911092942A52F343002C5928 /* MapCollectionViewCell.swift in Sources */,
				91DBA5F62A49944900D8D790 /* ChatRoomViewController.swift in Sources */,
				9189BC152A8211CD00D38783 /* SettingViewController + TableView.swift in Sources */,
				91D5A0792A39CC3500B093AE /* AppDelegate.swift in Sources */,
				911092A62A57E993002C5928 /* SignInPage.swift in Sources */,
				9110929C2A53FEF2002C5928 /* LocationModel.swift in Sources */,
				9127BBD92A3C8131008DB929 /* MemoriesView.swift in Sources */,
				911092D82A6BA167002C5928 /* MainViewController + CameraView.swift in Sources */,
				9110928F2A526EA7002C5928 /* MapViewController.swift in Sources */,
				9127BBC42A3ABCD5008DB929 /* BSViewController.swift in Sources */,
				917CF5502A3EFB1A00F02D48 /* MyGroupViewController.swift in Sources */,
				917CF54D2A3DF80900F02D48 /* PostTableViewCell - GroupList.swift in Sources */,
				9111205C2A4D390E0003F923 /* GroupSelectionView.swift in Sources */,
				91DBA5F92A49947300D8D790 /* ChatRoomTableViewCell.swift in Sources */,
				917CF54B2A3DF7AA00F02D48 /* PostTableViewCell - Img.swift in Sources */,
				9127BBD02A3C381B008DB929 /* Extension - Vibration.swift in Sources */,
				9164F1552A84DBB9005FF033 /* UIViewController + Extension.swift in Sources */,
				9189BC092A79F45300D38783 /* MemoriesViewController + CollectionView.swift in Sources */,
				9127BBD22A3C3F1D008DB929 /* Extension - Blur.swift in Sources */,
				911092A42A56EE4C002C5928 /* Extension - UIImageView.swift in Sources */,
				91D5A07B2A39CC3500B093AE /* SceneDelegate.swift in Sources */,
				9110928D2A4EB66B002C5928 /* PostViewController - Alert.swift in Sources */,
				911092BD2A6660AC002C5928 /* EditNameViewController.swift in Sources */,
				911092962A53B6B3002C5928 /* UserAnnotation.swift in Sources */,
				9127BBCA2A3AC771008DB929 /* Extension - UIColor.swift in Sources */,
				9189BC112A81DF1A00D38783 /* MapViewModel.swift in Sources */,
				911092D62A6AA0F9002C5928 /* UserAnnotationView.swift in Sources */,
				91DBA5D22A442FA400D8D790 /* EditGroupViewController - Alert.swift in Sources */,
				9127BBC82A3ABD4B008DB929 /* SettingViewController.swift in Sources */,
				911120582A4C18FF0003F923 /* Extension - DateFormatter.swift in Sources */,
			);
			runOnlyForDeploymentPostprocessing = 0;
		};
/* End PBXSourcesBuildPhase section */

/* Begin PBXVariantGroup section */
		91D5A07E2A39CC3500B093AE /* Main.storyboard */ = {
			isa = PBXVariantGroup;
			children = (
				91D5A07F2A39CC3500B093AE /* Base */,
			);
			name = Main.storyboard;
			sourceTree = "<group>";
		};
		91D5A0832A39CC3600B093AE /* LaunchScreen.storyboard */ = {
			isa = PBXVariantGroup;
			children = (
				91D5A0842A39CC3600B093AE /* Base */,
			);
			name = LaunchScreen.storyboard;
			sourceTree = "<group>";
		};
/* End PBXVariantGroup section */

/* Begin XCBuildConfiguration section */
		91D5A0872A39CC3600B093AE /* Debug */ = {
			isa = XCBuildConfiguration;
			buildSettings = {
				ALWAYS_SEARCH_USER_PATHS = NO;
				CLANG_ANALYZER_NONNULL = YES;
				CLANG_ANALYZER_NUMBER_OBJECT_CONVERSION = YES_AGGRESSIVE;
				CLANG_CXX_LANGUAGE_STANDARD = "gnu++20";
				CLANG_ENABLE_MODULES = YES;
				CLANG_ENABLE_OBJC_ARC = YES;
				CLANG_ENABLE_OBJC_WEAK = YES;
				CLANG_WARN_BLOCK_CAPTURE_AUTORELEASING = YES;
				CLANG_WARN_BOOL_CONVERSION = YES;
				CLANG_WARN_COMMA = YES;
				CLANG_WARN_CONSTANT_CONVERSION = YES;
				CLANG_WARN_DEPRECATED_OBJC_IMPLEMENTATIONS = YES;
				CLANG_WARN_DIRECT_OBJC_ISA_USAGE = YES_ERROR;
				CLANG_WARN_DOCUMENTATION_COMMENTS = YES;
				CLANG_WARN_EMPTY_BODY = YES;
				CLANG_WARN_ENUM_CONVERSION = YES;
				CLANG_WARN_INFINITE_RECURSION = YES;
				CLANG_WARN_INT_CONVERSION = YES;
				CLANG_WARN_NON_LITERAL_NULL_CONVERSION = YES;
				CLANG_WARN_OBJC_IMPLICIT_RETAIN_SELF = YES;
				CLANG_WARN_OBJC_LITERAL_CONVERSION = YES;
				CLANG_WARN_OBJC_ROOT_CLASS = YES_ERROR;
				CLANG_WARN_QUOTED_INCLUDE_IN_FRAMEWORK_HEADER = YES;
				CLANG_WARN_RANGE_LOOP_ANALYSIS = YES;
				CLANG_WARN_STRICT_PROTOTYPES = YES;
				CLANG_WARN_SUSPICIOUS_MOVE = YES;
				CLANG_WARN_UNGUARDED_AVAILABILITY = YES_AGGRESSIVE;
				CLANG_WARN_UNREACHABLE_CODE = YES;
				CLANG_WARN__DUPLICATE_METHOD_MATCH = YES;
				COPY_PHASE_STRIP = NO;
				DEBUG_INFORMATION_FORMAT = dwarf;
				ENABLE_STRICT_OBJC_MSGSEND = YES;
				ENABLE_TESTABILITY = YES;
				GCC_C_LANGUAGE_STANDARD = gnu11;
				GCC_DYNAMIC_NO_PIC = NO;
				GCC_NO_COMMON_BLOCKS = YES;
				GCC_OPTIMIZATION_LEVEL = 0;
				GCC_PREPROCESSOR_DEFINITIONS = (
					"DEBUG=1",
					"$(inherited)",
				);
				GCC_WARN_64_TO_32_BIT_CONVERSION = YES;
				GCC_WARN_ABOUT_RETURN_TYPE = YES_ERROR;
				GCC_WARN_UNDECLARED_SELECTOR = YES;
				GCC_WARN_UNINITIALIZED_AUTOS = YES_AGGRESSIVE;
				GCC_WARN_UNUSED_FUNCTION = YES;
				GCC_WARN_UNUSED_VARIABLE = YES;
				IPHONEOS_DEPLOYMENT_TARGET = 15.0;
				MTL_ENABLE_DEBUG_INFO = INCLUDE_SOURCE;
				MTL_FAST_MATH = YES;
				ONLY_ACTIVE_ARCH = YES;
				SDKROOT = iphoneos;
				SWIFT_ACTIVE_COMPILATION_CONDITIONS = DEBUG;
				SWIFT_OPTIMIZATION_LEVEL = "-Onone";
			};
			name = Debug;
		};
		91D5A0882A39CC3600B093AE /* Release */ = {
			isa = XCBuildConfiguration;
			buildSettings = {
				ALWAYS_SEARCH_USER_PATHS = NO;
				CLANG_ANALYZER_NONNULL = YES;
				CLANG_ANALYZER_NUMBER_OBJECT_CONVERSION = YES_AGGRESSIVE;
				CLANG_CXX_LANGUAGE_STANDARD = "gnu++20";
				CLANG_ENABLE_MODULES = YES;
				CLANG_ENABLE_OBJC_ARC = YES;
				CLANG_ENABLE_OBJC_WEAK = YES;
				CLANG_WARN_BLOCK_CAPTURE_AUTORELEASING = YES;
				CLANG_WARN_BOOL_CONVERSION = YES;
				CLANG_WARN_COMMA = YES;
				CLANG_WARN_CONSTANT_CONVERSION = YES;
				CLANG_WARN_DEPRECATED_OBJC_IMPLEMENTATIONS = YES;
				CLANG_WARN_DIRECT_OBJC_ISA_USAGE = YES_ERROR;
				CLANG_WARN_DOCUMENTATION_COMMENTS = YES;
				CLANG_WARN_EMPTY_BODY = YES;
				CLANG_WARN_ENUM_CONVERSION = YES;
				CLANG_WARN_INFINITE_RECURSION = YES;
				CLANG_WARN_INT_CONVERSION = YES;
				CLANG_WARN_NON_LITERAL_NULL_CONVERSION = YES;
				CLANG_WARN_OBJC_IMPLICIT_RETAIN_SELF = YES;
				CLANG_WARN_OBJC_LITERAL_CONVERSION = YES;
				CLANG_WARN_OBJC_ROOT_CLASS = YES_ERROR;
				CLANG_WARN_QUOTED_INCLUDE_IN_FRAMEWORK_HEADER = YES;
				CLANG_WARN_RANGE_LOOP_ANALYSIS = YES;
				CLANG_WARN_STRICT_PROTOTYPES = YES;
				CLANG_WARN_SUSPICIOUS_MOVE = YES;
				CLANG_WARN_UNGUARDED_AVAILABILITY = YES_AGGRESSIVE;
				CLANG_WARN_UNREACHABLE_CODE = YES;
				CLANG_WARN__DUPLICATE_METHOD_MATCH = YES;
				COPY_PHASE_STRIP = NO;
				DEBUG_INFORMATION_FORMAT = "dwarf-with-dsym";
				ENABLE_NS_ASSERTIONS = NO;
				ENABLE_STRICT_OBJC_MSGSEND = YES;
				GCC_C_LANGUAGE_STANDARD = gnu11;
				GCC_NO_COMMON_BLOCKS = YES;
				GCC_WARN_64_TO_32_BIT_CONVERSION = YES;
				GCC_WARN_ABOUT_RETURN_TYPE = YES_ERROR;
				GCC_WARN_UNDECLARED_SELECTOR = YES;
				GCC_WARN_UNINITIALIZED_AUTOS = YES_AGGRESSIVE;
				GCC_WARN_UNUSED_FUNCTION = YES;
				GCC_WARN_UNUSED_VARIABLE = YES;
				IPHONEOS_DEPLOYMENT_TARGET = 15.0;
				MTL_ENABLE_DEBUG_INFO = NO;
				MTL_FAST_MATH = YES;
				SDKROOT = iphoneos;
				SWIFT_COMPILATION_MODE = wholemodule;
				SWIFT_OPTIMIZATION_LEVEL = "-O";
				VALIDATE_PRODUCT = YES;
			};
			name = Release;
		};
		91D5A08A2A39CC3600B093AE /* Debug */ = {
			isa = XCBuildConfiguration;
			baseConfigurationReference = 0494520C1224165E0ED5398A /* Pods-SoulSafe.debug.xcconfig */;
			buildSettings = {
				ALWAYS_EMBED_SWIFT_STANDARD_LIBRARIES = YES;
				ASSETCATALOG_COMPILER_APPICON_NAME = AppIcon;
				ASSETCATALOG_COMPILER_GLOBAL_ACCENT_COLOR_NAME = AccentColor;
				CODE_SIGN_ENTITLEMENTS = SoulSafe/SoulSafe.entitlements;
				CODE_SIGN_STYLE = Automatic;
				CURRENT_PROJECT_VERSION = 1;
				DEVELOPMENT_TEAM = 7953TRA3N2;
				GENERATE_INFOPLIST_FILE = YES;
				INFOPLIST_FILE = SoulSafe/Info.plist;
				INFOPLIST_KEY_LSApplicationCategoryType = "public.app-category.social-networking";
				INFOPLIST_KEY_NSCameraUsageDescription = "是否啟用相機拍照功能";
				INFOPLIST_KEY_NSLocationAlwaysAndWhenInUseUsageDescription = "將取用您的位置顯示於地圖上分享給群組內的朋友，您可以隨時於設定關閉位置分享";
				INFOPLIST_KEY_NSLocationWhenInUseUsageDescription = "將取用您的位置顯示於地圖上分享給群組內的朋友，您可以隨時於設定關閉位置分享";
				INFOPLIST_KEY_NSPhotoLibraryUsageDescription = "此應用程式需要訪問您的相簿以選擇大頭貼";
				INFOPLIST_KEY_UIApplicationSupportsIndirectInputEvents = YES;
				INFOPLIST_KEY_UILaunchStoryboardName = LaunchScreen;
				INFOPLIST_KEY_UIMainStoryboardFile = Main;
				INFOPLIST_KEY_UISupportedInterfaceOrientations = UIInterfaceOrientationPortrait;
				IPHONEOS_DEPLOYMENT_TARGET = 15.0;
				LD_RUNPATH_SEARCH_PATHS = (
					"$(inherited)",
					"@executable_path/Frameworks",
				);
				MARKETING_VERSION = 1.2;
				PRODUCT_BUNDLE_IDENTIFIER = com.ortonhsieh.SoulSafe;
				PRODUCT_NAME = "$(TARGET_NAME)";
				SUPPORTED_PLATFORMS = "iphoneos iphonesimulator";
				SUPPORTS_MACCATALYST = NO;
				SUPPORTS_MAC_DESIGNED_FOR_IPHONE_IPAD = NO;
				SWIFT_EMIT_LOC_STRINGS = YES;
				SWIFT_VERSION = 5.0;
				TARGETED_DEVICE_FAMILY = 1;
			};
			name = Debug;
		};
		91D5A08B2A39CC3600B093AE /* Release */ = {
			isa = XCBuildConfiguration;
			baseConfigurationReference = FD7B7C8562038BE58B555248 /* Pods-SoulSafe.release.xcconfig */;
			buildSettings = {
				ALWAYS_EMBED_SWIFT_STANDARD_LIBRARIES = YES;
				ASSETCATALOG_COMPILER_APPICON_NAME = AppIcon;
				ASSETCATALOG_COMPILER_GLOBAL_ACCENT_COLOR_NAME = AccentColor;
				CODE_SIGN_ENTITLEMENTS = SoulSafe/SoulSafe.entitlements;
				CODE_SIGN_STYLE = Automatic;
				CURRENT_PROJECT_VERSION = 1;
				DEVELOPMENT_TEAM = 7953TRA3N2;
				GENERATE_INFOPLIST_FILE = YES;
				INFOPLIST_FILE = SoulSafe/Info.plist;
				INFOPLIST_KEY_LSApplicationCategoryType = "public.app-category.social-networking";
				INFOPLIST_KEY_NSCameraUsageDescription = "是否啟用相機拍照功能";
				INFOPLIST_KEY_NSLocationAlwaysAndWhenInUseUsageDescription = "將取用您的位置顯示於地圖上分享給群組內的朋友，您可以隨時於設定關閉位置分享";
				INFOPLIST_KEY_NSLocationWhenInUseUsageDescription = "將取用您的位置顯示於地圖上分享給群組內的朋友，您可以隨時於設定關閉位置分享";
				INFOPLIST_KEY_NSPhotoLibraryUsageDescription = "此應用程式需要訪問您的相簿以選擇大頭貼";
				INFOPLIST_KEY_UIApplicationSupportsIndirectInputEvents = YES;
				INFOPLIST_KEY_UILaunchStoryboardName = LaunchScreen;
				INFOPLIST_KEY_UIMainStoryboardFile = Main;
				INFOPLIST_KEY_UISupportedInterfaceOrientations = UIInterfaceOrientationPortrait;
				IPHONEOS_DEPLOYMENT_TARGET = 15.0;
				LD_RUNPATH_SEARCH_PATHS = (
					"$(inherited)",
					"@executable_path/Frameworks",
				);
				MARKETING_VERSION = 1.2;
				PRODUCT_BUNDLE_IDENTIFIER = com.ortonhsieh.SoulSafe;
				PRODUCT_NAME = "$(TARGET_NAME)";
				SUPPORTED_PLATFORMS = "iphoneos iphonesimulator";
				SUPPORTS_MACCATALYST = NO;
				SUPPORTS_MAC_DESIGNED_FOR_IPHONE_IPAD = NO;
				SWIFT_EMIT_LOC_STRINGS = YES;
				SWIFT_VERSION = 5.0;
				TARGETED_DEVICE_FAMILY = 1;
			};
			name = Release;
		};
/* End XCBuildConfiguration section */

/* Begin XCConfigurationList section */
		91D5A0702A39CC3500B093AE /* Build configuration list for PBXProject "SoulSafe" */ = {
			isa = XCConfigurationList;
			buildConfigurations = (
				91D5A0872A39CC3600B093AE /* Debug */,
				91D5A0882A39CC3600B093AE /* Release */,
			);
			defaultConfigurationIsVisible = 0;
			defaultConfigurationName = Release;
		};
		91D5A0892A39CC3600B093AE /* Build configuration list for PBXNativeTarget "SoulSafe" */ = {
			isa = XCConfigurationList;
			buildConfigurations = (
				91D5A08A2A39CC3600B093AE /* Debug */,
				91D5A08B2A39CC3600B093AE /* Release */,
			);
			defaultConfigurationIsVisible = 0;
			defaultConfigurationName = Release;
		};
/* End XCConfigurationList section */
	};
	rootObject = 91D5A06D2A39CC3500B093AE /* Project object */;
}
